// !$*UTF8*$!
{
	archiveVersion = 1;
	classes = {
	};
	objectVersion = 55;
	objects = {

/* Begin PBXBuildFile section */
		72F6990F2AE9F50B0068572D /* LamdaFlashcardApp.swift in Sources */ = {isa = PBXBuildFile; fileRef = 72F6990E2AE9F50B0068572D /* LamdaFlashcardApp.swift */; };
		72F699112AE9F50B0068572D /* ContentView.swift in Sources */ = {isa = PBXBuildFile; fileRef = 72F699102AE9F50B0068572D /* ContentView.swift */; };
		72F699132AE9F5130068572D /* Assets.xcassets in Resources */ = {isa = PBXBuildFile; fileRef = 72F699122AE9F5130068572D /* Assets.xcassets */; };
		72F699162AE9F5130068572D /* Preview Assets.xcassets in Resources */ = {isa = PBXBuildFile; fileRef = 72F699152AE9F5130068572D /* Preview Assets.xcassets */; };
		72F699202AE9F5130068572D /* LamdaFlashcardTests.swift in Sources */ = {isa = PBXBuildFile; fileRef = 72F6991F2AE9F5130068572D /* LamdaFlashcardTests.swift */; };
		72F6992A2AE9F5130068572D /* LamdaFlashcardUITests.swift in Sources */ = {isa = PBXBuildFile; fileRef = 72F699292AE9F5130068572D /* LamdaFlashcardUITests.swift */; };
		72F6992C2AE9F5130068572D /* LamdaFlashcardUITestsLaunchTests.swift in Sources */ = {isa = PBXBuildFile; fileRef = 72F6992B2AE9F5130068572D /* LamdaFlashcardUITestsLaunchTests.swift */; };
		72F699392AE9F7200068572D /* Flashcard.swift in Sources */ = {isa = PBXBuildFile; fileRef = 72F699382AE9F7200068572D /* Flashcard.swift */; };
		72F6993B2AE9F7400068572D /* FlashcardData.swift in Sources */ = {isa = PBXBuildFile; fileRef = 72F6993A2AE9F7400068572D /* FlashcardData.swift */; };
		72F6993D2AE9F7660068572D /* FlashcardStack.swift in Sources */ = {isa = PBXBuildFile; fileRef = 72F6993C2AE9F7660068572D /* FlashcardStack.swift */; };
		72F6993F2AE9F7A00068572D /* FlashcardViewModel.swift in Sources */ = {isa = PBXBuildFile; fileRef = 72F6993E2AE9F7A00068572D /* FlashcardViewModel.swift */; };
		72F699412AE9F7CE0068572D /* ListView.swift in Sources */ = {isa = PBXBuildFile; fileRef = 72F699402AE9F7CE0068572D /* ListView.swift */; };
		72F699432AE9F7EA0068572D /* gpt 3.5.swift in Sources */ = {isa = PBXBuildFile; fileRef = 72F699422AE9F7EA0068572D /* gpt 3.5.swift */; };
/* End PBXBuildFile section */

/* Begin PBXContainerItemProxy section */
		72F6991C2AE9F5130068572D /* PBXContainerItemProxy */ = {
			isa = PBXContainerItemProxy;
			containerPortal = 72F699032AE9F50B0068572D /* Project object */;
			proxyType = 1;
			remoteGlobalIDString = 72F6990A2AE9F50B0068572D;
			remoteInfo = LamdaFlashcard;
		};
		72F699262AE9F5130068572D /* PBXContainerItemProxy */ = {
			isa = PBXContainerItemProxy;
			containerPortal = 72F699032AE9F50B0068572D /* Project object */;
			proxyType = 1;
			remoteGlobalIDString = 72F6990A2AE9F50B0068572D;
			remoteInfo = LamdaFlashcard;
		};
/* End PBXContainerItemProxy section */

/* Begin PBXFileReference section */
		72F6990B2AE9F50B0068572D /* LamdaFlashcard.app */ = {isa = PBXFileReference; explicitFileType = wrapper.application; includeInIndex = 0; path = LamdaFlashcard.app; sourceTree = BUILT_PRODUCTS_DIR; };
		72F6990E2AE9F50B0068572D /* LamdaFlashcardApp.swift */ = {isa = PBXFileReference; lastKnownFileType = sourcecode.swift; path = LamdaFlashcardApp.swift; sourceTree = "<group>"; };
		72F699102AE9F50B0068572D /* ContentView.swift */ = {isa = PBXFileReference; lastKnownFileType = sourcecode.swift; path = ContentView.swift; sourceTree = "<group>"; };
		72F699122AE9F5130068572D /* Assets.xcassets */ = {isa = PBXFileReference; lastKnownFileType = folder.assetcatalog; path = Assets.xcassets; sourceTree = "<group>"; };
		72F699152AE9F5130068572D /* Preview Assets.xcassets */ = {isa = PBXFileReference; lastKnownFileType = folder.assetcatalog; path = "Preview Assets.xcassets"; sourceTree = "<group>"; };
		72F6991B2AE9F5130068572D /* LamdaFlashcardTests.xctest */ = {isa = PBXFileReference; explicitFileType = wrapper.cfbundle; includeInIndex = 0; path = LamdaFlashcardTests.xctest; sourceTree = BUILT_PRODUCTS_DIR; };
		72F6991F2AE9F5130068572D /* LamdaFlashcardTests.swift */ = {isa = PBXFileReference; lastKnownFileType = sourcecode.swift; path = LamdaFlashcardTests.swift; sourceTree = "<group>"; };
		72F699252AE9F5130068572D /* LamdaFlashcardUITests.xctest */ = {isa = PBXFileReference; explicitFileType = wrapper.cfbundle; includeInIndex = 0; path = LamdaFlashcardUITests.xctest; sourceTree = BUILT_PRODUCTS_DIR; };
		72F699292AE9F5130068572D /* LamdaFlashcardUITests.swift */ = {isa = PBXFileReference; lastKnownFileType = sourcecode.swift; path = LamdaFlashcardUITests.swift; sourceTree = "<group>"; };
		72F6992B2AE9F5130068572D /* LamdaFlashcardUITestsLaunchTests.swift */ = {isa = PBXFileReference; lastKnownFileType = sourcecode.swift; path = LamdaFlashcardUITestsLaunchTests.swift; sourceTree = "<group>"; };
		72F699382AE9F7200068572D /* Flashcard.swift */ = {isa = PBXFileReference; lastKnownFileType = sourcecode.swift; path = Flashcard.swift; sourceTree = "<group>"; };
		72F6993A2AE9F7400068572D /* FlashcardData.swift */ = {isa = PBXFileReference; lastKnownFileType = sourcecode.swift; path = FlashcardData.swift; sourceTree = "<group>"; };
		72F6993C2AE9F7660068572D /* FlashcardStack.swift */ = {isa = PBXFileReference; lastKnownFileType = sourcecode.swift; path = FlashcardStack.swift; sourceTree = "<group>"; };
		72F6993E2AE9F7A00068572D /* FlashcardViewModel.swift */ = {isa = PBXFileReference; lastKnownFileType = sourcecode.swift; path = FlashcardViewModel.swift; sourceTree = "<group>"; };
		72F699402AE9F7CE0068572D /* ListView.swift */ = {isa = PBXFileReference; lastKnownFileType = sourcecode.swift; path = ListView.swift; sourceTree = "<group>"; };
		72F699422AE9F7EA0068572D /* gpt 3.5.swift */ = {isa = PBXFileReference; lastKnownFileType = sourcecode.swift; path = "gpt 3.5.swift"; sourceTree = "<group>"; };
/* End PBXFileReference section */

/* Begin PBXFrameworksBuildPhase section */
		72F699082AE9F50B0068572D /* Frameworks */ = {
			isa = PBXFrameworksBuildPhase;
			buildActionMask = 2147483647;
			files = (
			);
			runOnlyForDeploymentPostprocessing = 0;
		};
		72F699182AE9F5130068572D /* Frameworks */ = {
			isa = PBXFrameworksBuildPhase;
			buildActionMask = 2147483647;
			files = (
			);
			runOnlyForDeploymentPostprocessing = 0;
		};
		72F699222AE9F5130068572D /* Frameworks */ = {
			isa = PBXFrameworksBuildPhase;
			buildActionMask = 2147483647;
			files = (
			);
			runOnlyForDeploymentPostprocessing = 0;
		};
/* End PBXFrameworksBuildPhase section */

/* Begin PBXGroup section */
		72F699022AE9F50B0068572D = {
			isa = PBXGroup;
			children = (
				72F6990D2AE9F50B0068572D /* LamdaFlashcard */,
				72F6991E2AE9F5130068572D /* LamdaFlashcardTests */,
				72F699282AE9F5130068572D /* LamdaFlashcardUITests */,
				72F6990C2AE9F50B0068572D /* Products */,
			);
			sourceTree = "<group>";
		};
		72F6990C2AE9F50B0068572D /* Products */ = {
			isa = PBXGroup;
			children = (
				72F6990B2AE9F50B0068572D /* LamdaFlashcard.app */,
				72F6991B2AE9F5130068572D /* LamdaFlashcardTests.xctest */,
				72F699252AE9F5130068572D /* LamdaFlashcardUITests.xctest */,
			);
			name = Products;
			sourceTree = "<group>";
		};
		72F6990D2AE9F50B0068572D /* LamdaFlashcard */ = {
			isa = PBXGroup;
			children = (
				72F6990E2AE9F50B0068572D /* LamdaFlashcardApp.swift */,
				72F699402AE9F7CE0068572D /* ListView.swift */,
				72F699422AE9F7EA0068572D /* gpt 3.5.swift */,
				72F699102AE9F50B0068572D /* ContentView.swift */,
				72F699382AE9F7200068572D /* Flashcard.swift */,
				72F6993A2AE9F7400068572D /* FlashcardData.swift */,
				72F6993C2AE9F7660068572D /* FlashcardStack.swift */,
				72F6993E2AE9F7A00068572D /* FlashcardViewModel.swift */,
				72F699122AE9F5130068572D /* Assets.xcassets */,
				72F699142AE9F5130068572D /* Preview Content */,
			);
			path = LamdaFlashcard;
			sourceTree = "<group>";
		};
		72F699142AE9F5130068572D /* Preview Content */ = {
			isa = PBXGroup;
			children = (
				72F699152AE9F5130068572D /* Preview Assets.xcassets */,
			);
			path = "Preview Content";
			sourceTree = "<group>";
		};
		72F6991E2AE9F5130068572D /* LamdaFlashcardTests */ = {
			isa = PBXGroup;
			children = (
				72F6991F2AE9F5130068572D /* LamdaFlashcardTests.swift */,
			);
			path = LamdaFlashcardTests;
			sourceTree = "<group>";
		};
		72F699282AE9F5130068572D /* LamdaFlashcardUITests */ = {
			isa = PBXGroup;
			children = (
				72F699292AE9F5130068572D /* LamdaFlashcardUITests.swift */,
				72F6992B2AE9F5130068572D /* LamdaFlashcardUITestsLaunchTests.swift */,
			);
			path = LamdaFlashcardUITests;
			sourceTree = "<group>";
		};
/* End PBXGroup section */

/* Begin PBXNativeTarget section */
		72F6990A2AE9F50B0068572D /* LamdaFlashcard */ = {
			isa = PBXNativeTarget;
			buildConfigurationList = 72F6992F2AE9F5130068572D /* Build configuration list for PBXNativeTarget "LamdaFlashcard" */;
			buildPhases = (
				72F699072AE9F50B0068572D /* Sources */,
				72F699082AE9F50B0068572D /* Frameworks */,
				72F699092AE9F50B0068572D /* Resources */,
			);
			buildRules = (
			);
			dependencies = (
			);
			name = LamdaFlashcard;
			productName = LamdaFlashcard;
			productReference = 72F6990B2AE9F50B0068572D /* LamdaFlashcard.app */;
			productType = "com.apple.product-type.application";
		};
		72F6991A2AE9F5130068572D /* LamdaFlashcardTests */ = {
			isa = PBXNativeTarget;
			buildConfigurationList = 72F699322AE9F5130068572D /* Build configuration list for PBXNativeTarget "LamdaFlashcardTests" */;
			buildPhases = (
				72F699172AE9F5130068572D /* Sources */,
				72F699182AE9F5130068572D /* Frameworks */,
				72F699192AE9F5130068572D /* Resources */,
			);
			buildRules = (
			);
			dependencies = (
				72F6991D2AE9F5130068572D /* PBXTargetDependency */,
			);
			name = LamdaFlashcardTests;
			productName = LamdaFlashcardTests;
			productReference = 72F6991B2AE9F5130068572D /* LamdaFlashcardTests.xctest */;
			productType = "com.apple.product-type.bundle.unit-test";
		};
		72F699242AE9F5130068572D /* LamdaFlashcardUITests */ = {
			isa = PBXNativeTarget;
			buildConfigurationList = 72F699352AE9F5130068572D /* Build configuration list for PBXNativeTarget "LamdaFlashcardUITests" */;
			buildPhases = (
				72F699212AE9F5130068572D /* Sources */,
				72F699222AE9F5130068572D /* Frameworks */,
				72F699232AE9F5130068572D /* Resources */,
			);
			buildRules = (
			);
			dependencies = (
				72F699272AE9F5130068572D /* PBXTargetDependency */,
			);
			name = LamdaFlashcardUITests;
			productName = LamdaFlashcardUITests;
			productReference = 72F699252AE9F5130068572D /* LamdaFlashcardUITests.xctest */;
			productType = "com.apple.product-type.bundle.ui-testing";
		};
/* End PBXNativeTarget section */

/* Begin PBXProject section */
		72F699032AE9F50B0068572D /* Project object */ = {
			isa = PBXProject;
			attributes = {
				BuildIndependentTargetsInParallel = 1;
				LastSwiftUpdateCheck = 1320;
				LastUpgradeCheck = 1320;
				TargetAttributes = {
					72F6990A2AE9F50B0068572D = {
						CreatedOnToolsVersion = 13.2.1;
					};
					72F6991A2AE9F5130068572D = {
						CreatedOnToolsVersion = 13.2.1;
						TestTargetID = 72F6990A2AE9F50B0068572D;
					};
					72F699242AE9F5130068572D = {
						CreatedOnToolsVersion = 13.2.1;
						TestTargetID = 72F6990A2AE9F50B0068572D;
					};
				};
			};
			buildConfigurationList = 72F699062AE9F50B0068572D /* Build configuration list for PBXProject "LamdaFlashcard" */;
			compatibilityVersion = "Xcode 13.0";
			developmentRegion = en;
			hasScannedForEncodings = 0;
			knownRegions = (
				en,
				Base,
			);
			mainGroup = 72F699022AE9F50B0068572D;
			productRefGroup = 72F6990C2AE9F50B0068572D /* Products */;
			projectDirPath = "";
			projectRoot = "";
			targets = (
				72F6990A2AE9F50B0068572D /* LamdaFlashcard */,
				72F6991A2AE9F5130068572D /* LamdaFlashcardTests */,
				72F699242AE9F5130068572D /* LamdaFlashcardUITests */,
			);
		};
/* End PBXProject section */

/* Begin PBXResourcesBuildPhase section */
		72F699092AE9F50B0068572D /* Resources */ = {
			isa = PBXResourcesBuildPhase;
			buildActionMask = 2147483647;
			files = (
				72F699162AE9F5130068572D /* Preview Assets.xcassets in Resources */,
				72F699132AE9F5130068572D /* Assets.xcassets in Resources */,
			);
			runOnlyForDeploymentPostprocessing = 0;
		};
		72F699192AE9F5130068572D /* Resources */ = {
			isa = PBXResourcesBuildPhase;
			buildActionMask = 2147483647;
			files = (
			);
			runOnlyForDeploymentPostprocessing = 0;
		};
		72F699232AE9F5130068572D /* Resources */ = {
			isa = PBXResourcesBuildPhase;
			buildActionMask = 2147483647;
			files = (
			);
			runOnlyForDeploymentPostprocessing = 0;
		};
/* End PBXResourcesBuildPhase section */

/* Begin PBXSourcesBuildPhase section */
		72F699072AE9F50B0068572D /* Sources */ = {
			isa = PBXSourcesBuildPhase;
			buildActionMask = 2147483647;
			files = (
				72F6993B2AE9F7400068572D /* FlashcardData.swift in Sources */,
				72F699432AE9F7EA0068572D /* gpt 3.5.swift in Sources */,
				72F699392AE9F7200068572D /* Flashcard.swift in Sources */,
				72F6993D2AE9F7660068572D /* FlashcardStack.swift in Sources */,
				72F699412AE9F7CE0068572D /* ListView.swift in Sources */,
				72F6993F2AE9F7A00068572D /* FlashcardViewModel.swift in Sources */,
				72F699112AE9F50B0068572D /* ContentView.swift in Sources */,
				72F6990F2AE9F50B0068572D /* LamdaFlashcardApp.swift in Sources */,
			);
			runOnlyForDeploymentPostprocessing = 0;
		};
		72F699172AE9F5130068572D /* Sources */ = {
			isa = PBXSourcesBuildPhase;
			buildActionMask = 2147483647;
			files = (
				72F699202AE9F5130068572D /* LamdaFlashcardTests.swift in Sources */,
			);
			runOnlyForDeploymentPostprocessing = 0;
		};
		72F699212AE9F5130068572D /* Sources */ = {
			isa = PBXSourcesBuildPhase;
			buildActionMask = 2147483647;
			files = (
				72F6992A2AE9F5130068572D /* LamdaFlashcardUITests.swift in Sources */,
				72F6992C2AE9F5130068572D /* LamdaFlashcardUITestsLaunchTests.swift in Sources */,
			);
			runOnlyForDeploymentPostprocessing = 0;
		};
/* End PBXSourcesBuildPhase section */

/* Begin PBXTargetDependency section */
		72F6991D2AE9F5130068572D /* PBXTargetDependency */ = {
			isa = PBXTargetDependency;
			target = 72F6990A2AE9F50B0068572D /* LamdaFlashcard */;
			targetProxy = 72F6991C2AE9F5130068572D /* PBXContainerItemProxy */;
		};
		72F699272AE9F5130068572D /* PBXTargetDependency */ = {
			isa = PBXTargetDependency;
			target = 72F6990A2AE9F50B0068572D /* LamdaFlashcard */;
			targetProxy = 72F699262AE9F5130068572D /* PBXContainerItemProxy */;
		};
/* End PBXTargetDependency section */

/* Begin XCBuildConfiguration section */
		72F6992D2AE9F5130068572D /* Debug */ = {
			isa = XCBuildConfiguration;
			buildSettings = {
				ALWAYS_SEARCH_USER_PATHS = NO;
				CLANG_ANALYZER_NONNULL = YES;
				CLANG_ANALYZER_NUMBER_OBJECT_CONVERSION = YES_AGGRESSIVE;
				CLANG_CXX_LANGUAGE_STANDARD = "gnu++17";
				CLANG_CXX_LIBRARY = "libc++";
				CLANG_ENABLE_MODULES = YES;
				CLANG_ENABLE_OBJC_ARC = YES;
				CLANG_ENABLE_OBJC_WEAK = YES;
				CLANG_WARN_BLOCK_CAPTURE_AUTORELEASING = YES;
				CLANG_WARN_BOOL_CONVERSION = YES;
				CLANG_WARN_COMMA = YES;
				CLANG_WARN_CONSTANT_CONVERSION = YES;
				CLANG_WARN_DEPRECATED_OBJC_IMPLEMENTATIONS = YES;
				CLANG_WARN_DIRECT_OBJC_ISA_USAGE = YES_ERROR;
				CLANG_WARN_DOCUMENTATION_COMMENTS = YES;
				CLANG_WARN_EMPTY_BODY = YES;
				CLANG_WARN_ENUM_CONVERSION = YES;
				CLANG_WARN_INFINITE_RECURSION = YES;
				CLANG_WARN_INT_CONVERSION = YES;
				CLANG_WARN_NON_LITERAL_NULL_CONVERSION = YES;
				CLANG_WARN_OBJC_IMPLICIT_RETAIN_SELF = YES;
				CLANG_WARN_OBJC_LITERAL_CONVERSION = YES;
				CLANG_WARN_OBJC_ROOT_CLASS = YES_ERROR;
				CLANG_WARN_QUOTED_INCLUDE_IN_FRAMEWORK_HEADER = YES;
				CLANG_WARN_RANGE_LOOP_ANALYSIS = YES;
				CLANG_WARN_STRICT_PROTOTYPES = YES;
				CLANG_WARN_SUSPICIOUS_MOVE = YES;
				CLANG_WARN_UNGUARDED_AVAILABILITY = YES_AGGRESSIVE;
				CLANG_WARN_UNREACHABLE_CODE = YES;
				CLANG_WARN__DUPLICATE_METHOD_MATCH = YES;
				COPY_PHASE_STRIP = NO;
				DEBUG_INFORMATION_FORMAT = dwarf;
				ENABLE_STRICT_OBJC_MSGSEND = YES;
				ENABLE_TESTABILITY = YES;
				GCC_C_LANGUAGE_STANDARD = gnu11;
				GCC_DYNAMIC_NO_PIC = NO;
				GCC_NO_COMMON_BLOCKS = YES;
				GCC_OPTIMIZATION_LEVEL = 0;
				GCC_PREPROCESSOR_DEFINITIONS = (
					"DEBUG=1",
					"$(inherited)",
				);
				GCC_WARN_64_TO_32_BIT_CONVERSION = YES;
				GCC_WARN_ABOUT_RETURN_TYPE = YES_ERROR;
				GCC_WARN_UNDECLARED_SELECTOR = YES;
				GCC_WARN_UNINITIALIZED_AUTOS = YES_AGGRESSIVE;
				GCC_WARN_UNUSED_FUNCTION = YES;
				GCC_WARN_UNUSED_VARIABLE = YES;
				IPHONEOS_DEPLOYMENT_TARGET = 15.2;
				MTL_ENABLE_DEBUG_INFO = INCLUDE_SOURCE;
				MTL_FAST_MATH = YES;
				ONLY_ACTIVE_ARCH = YES;
				SDKROOT = iphoneos;
				SWIFT_ACTIVE_COMPILATION_CONDITIONS = DEBUG;
				SWIFT_OPTIMIZATION_LEVEL = "-Onone";
			};
			name = Debug;
		};
		72F6992E2AE9F5130068572D /* Release */ = {
			isa = XCBuildConfiguration;
			buildSettings = {
				ALWAYS_SEARCH_USER_PATHS = NO;
				CLANG_ANALYZER_NONNULL = YES;
				CLANG_ANALYZER_NUMBER_OBJECT_CONVERSION = YES_AGGRESSIVE;
				CLANG_CXX_LANGUAGE_STANDARD = "gnu++17";
				CLANG_CXX_LIBRARY = "libc++";
				CLANG_ENABLE_MODULES = YES;
				CLANG_ENABLE_OBJC_ARC = YES;
				CLANG_ENABLE_OBJC_WEAK = YES;
				CLANG_WARN_BLOCK_CAPTURE_AUTORELEASING = YES;
				CLANG_WARN_BOOL_CONVERSION = YES;
				CLANG_WARN_COMMA = YES;
				CLANG_WARN_CONSTANT_CONVERSION = YES;
				CLANG_WARN_DEPRECATED_OBJC_IMPLEMENTATIONS = YES;
				CLANG_WARN_DIRECT_OBJC_ISA_USAGE = YES_ERROR;
				CLANG_WARN_DOCUMENTATION_COMMENTS = YES;
				CLANG_WARN_EMPTY_BODY = YES;
				CLANG_WARN_ENUM_CONVERSION = YES;
				CLANG_WARN_INFINITE_RECURSION = YES;
				CLANG_WARN_INT_CONVERSION = YES;
				CLANG_WARN_NON_LITERAL_NULL_CONVERSION = YES;
				CLANG_WARN_OBJC_IMPLICIT_RETAIN_SELF = YES;
				CLANG_WARN_OBJC_LITERAL_CONVERSION = YES;
				CLANG_WARN_OBJC_ROOT_CLASS = YES_ERROR;
				CLANG_WARN_QUOTED_INCLUDE_IN_FRAMEWORK_HEADER = YES;
				CLANG_WARN_RANGE_LOOP_ANALYSIS = YES;
				CLANG_WARN_STRICT_PROTOTYPES = YES;
				CLANG_WARN_SUSPICIOUS_MOVE = YES;
				CLANG_WARN_UNGUARDED_AVAILABILITY = YES_AGGRESSIVE;
				CLANG_WARN_UNREACHABLE_CODE = YES;
				CLANG_WARN__DUPLICATE_METHOD_MATCH = YES;
				COPY_PHASE_STRIP = NO;
				DEBUG_INFORMATION_FORMAT = "dwarf-with-dsym";
				ENABLE_NS_ASSERTIONS = NO;
				ENABLE_STRICT_OBJC_MSGSEND = YES;
				GCC_C_LANGUAGE_STANDARD = gnu11;
				GCC_NO_COMMON_BLOCKS = YES;
				GCC_WARN_64_TO_32_BIT_CONVERSION = YES;
				GCC_WARN_ABOUT_RETURN_TYPE = YES_ERROR;
				GCC_WARN_UNDECLARED_SELECTOR = YES;
				GCC_WARN_UNINITIALIZED_AUTOS = YES_AGGRESSIVE;
				GCC_WARN_UNUSED_FUNCTION = YES;
				GCC_WARN_UNUSED_VARIABLE = YES;
				IPHONEOS_DEPLOYMENT_TARGET = 15.2;
				MTL_ENABLE_DEBUG_INFO = NO;
				MTL_FAST_MATH = YES;
				SDKROOT = iphoneos;
				SWIFT_COMPILATION_MODE = wholemodule;
				SWIFT_OPTIMIZATION_LEVEL = "-O";
				VALIDATE_PRODUCT = YES;
			};
			name = Release;
		};
		72F699302AE9F5130068572D /* Debug */ = {
			isa = XCBuildConfiguration;
			buildSettings = {
				ASSETCATALOG_COMPILER_APPICON_NAME = AppIcon;
				ASSETCATALOG_COMPILER_GLOBAL_ACCENT_COLOR_NAME = AccentColor;
				CODE_SIGN_STYLE = Automatic;
				CURRENT_PROJECT_VERSION = 1;
				DEVELOPMENT_ASSET_PATHS = "\"LamdaFlashcard/Preview Content\"";
				DEVELOPMENT_TEAM = G35H72FWR9;
				ENABLE_PREVIEWS = YES;
				GENERATE_INFOPLIST_FILE = YES;
				INFOPLIST_KEY_UIApplicationSceneManifest_Generation = YES;
				INFOPLIST_KEY_UIApplicationSupportsIndirectInputEvents = YES;
				INFOPLIST_KEY_UILaunchScreen_Generation = YES;
				INFOPLIST_KEY_UISupportedInterfaceOrientations_iPad = "UIInterfaceOrientationPortrait UIInterfaceOrientationPortraitUpsideDown UIInterfaceOrientationLandscapeLeft UIInterfaceOrientationLandscapeRight";
				INFOPLIST_KEY_UISupportedInterfaceOrientations_iPhone = "UIInterfaceOrientationPortrait UIInterfaceOrientationLandscapeLeft UIInterfaceOrientationLandscapeRight";
				LD_RUNPATH_SEARCH_PATHS = (
					"$(inherited)",
					"@executable_path/Frameworks",
				);
				MARKETING_VERSION = 1.0;
				PRODUCT_BUNDLE_IDENTIFIER = "Congressional-App-Challenge.LamdaFlashcard";
				PRODUCT_NAME = "$(TARGET_NAME)";
				SWIFT_EMIT_LOC_STRINGS = YES;
				SWIFT_VERSION = 5.0;
				TARGETED_DEVICE_FAMILY = "1,2";
			};
			name = Debug;
		};
		72F699312AE9F5130068572D /* Release */ = {
			isa = XCBuildConfiguration;
			buildSettings = {
				ASSETCATALOG_COMPILER_APPICON_NAME = AppIcon;
				ASSETCATALOG_COMPILER_GLOBAL_ACCENT_COLOR_NAME = AccentColor;
				CODE_SIGN_STYLE = Automatic;
				CURRENT_PROJECT_VERSION = 1;
				DEVELOPMENT_ASSET_PATHS = "\"LamdaFlashcard/Preview Content\"";
				DEVELOPMENT_TEAM = G35H72FWR9;
				ENABLE_PREVIEWS = YES;
				GENERATE_INFOPLIST_FILE = YES;
				INFOPLIST_KEY_UIApplicationSceneManifest_Generation = YES;
				INFOPLIST_KEY_UIApplicationSupportsIndirectInputEvents = YES;
				INFOPLIST_KEY_UILaunchScreen_Generation = YES;
				INFOPLIST_KEY_UISupportedInterfaceOrientations_iPad = "UIInterfaceOrientationPortrait UIInterfaceOrientationPortraitUpsideDown UIInterfaceOrientationLandscapeLeft UIInterfaceOrientationLandscapeRight";
				INFOPLIST_KEY_UISupportedInterfaceOrientations_iPhone = "UIInterfaceOrientationPortrait UIInterfaceOrientationLandscapeLeft UIInterfaceOrientationLandscapeRight";
				LD_RUNPATH_SEARCH_PATHS = (
					"$(inherited)",
					"@executable_path/Frameworks",
				);
				MARKETING_VERSION = 1.0;
				PRODUCT_BUNDLE_IDENTIFIER = "Congressional-App-Challenge.LamdaFlashcard";
				PRODUCT_NAME = "$(TARGET_NAME)";
				SWIFT_EMIT_LOC_STRINGS = YES;
				SWIFT_VERSION = 5.0;
				TARGETED_DEVICE_FAMILY = "1,2";
			};
			name = Release;
		};
		72F699332AE9F5130068572D /* Debug */ = {
			isa = XCBuildConfiguration;
			buildSettings = {
				ALWAYS_EMBED_SWIFT_STANDARD_LIBRARIES = YES;
				BUNDLE_LOADER = "$(TEST_HOST)";
				CODE_SIGN_STYLE = Automatic;
				CURRENT_PROJECT_VERSION = 1;
				DEVELOPMENT_TEAM = G35H72FWR9;
				GENERATE_INFOPLIST_FILE = YES;
				IPHONEOS_DEPLOYMENT_TARGET = 15.2;
				MARKETING_VERSION = 1.0;
				PRODUCT_BUNDLE_IDENTIFIER = "Congressional-App-Challenge.LamdaFlashcardTests";
				PRODUCT_NAME = "$(TARGET_NAME)";
				SWIFT_EMIT_LOC_STRINGS = NO;
				SWIFT_VERSION = 5.0;
				TARGETED_DEVICE_FAMILY = "1,2";
				TEST_HOST = "$(BUILT_PRODUCTS_DIR)/LamdaFlashcard.app/LamdaFlashcard";
			};
			name = Debug;
		};
		72F699342AE9F5130068572D /* Release */ = {
			isa = XCBuildConfiguration;
			buildSettings = {
				ALWAYS_EMBED_SWIFT_STANDARD_LIBRARIES = YES;
				BUNDLE_LOADER = "$(TEST_HOST)";
				CODE_SIGN_STYLE = Automatic;
				CURRENT_PROJECT_VERSION = 1;
				DEVELOPMENT_TEAM = G35H72FWR9;
				GENERATE_INFOPLIST_FILE = YES;
				IPHONEOS_DEPLOYMENT_TARGET = 15.2;
				MARKETING_VERSION = 1.0;
				PRODUCT_BUNDLE_IDENTIFIER = "Congressional-App-Challenge.LamdaFlashcardTests";
				PRODUCT_NAME = "$(TARGET_NAME)";
				SWIFT_EMIT_LOC_STRINGS = NO;
				SWIFT_VERSION = 5.0;
				TARGETED_DEVICE_FAMILY = "1,2";
				TEST_HOST = "$(BUILT_PRODUCTS_DIR)/LamdaFlashcard.app/LamdaFlashcard";
			};
			name = Release;
		};
		72F699362AE9F5130068572D /* Debug */ = {
			isa = XCBuildConfiguration;
			buildSettings = {
				ALWAYS_EMBED_SWIFT_STANDARD_LIBRARIES = YES;
				CODE_SIGN_STYLE = Automatic;
				CURRENT_PROJECT_VERSION = 1;
				DEVELOPMENT_TEAM = G35H72FWR9;
				GENERATE_INFOPLIST_FILE = YES;
				MARKETING_VERSION = 1.0;
				PRODUCT_BUNDLE_IDENTIFIER = "Congressional-App-Challenge.LamdaFlashcardUITests";
				PRODUCT_NAME = "$(TARGET_NAME)";
				SWIFT_EMIT_LOC_STRINGS = NO;
				SWIFT_VERSION = 5.0;
				TARGETED_DEVICE_FAMILY = "1,2";
				TEST_TARGET_NAME = LamdaFlashcard;
			};
			name = Debug;
		};
		72F699372AE9F5130068572D /* Release */ = {
			isa = XCBuildConfiguration;
			buildSettings = {
				ALWAYS_EMBED_SWIFT_STANDARD_LIBRARIES = YES;
				CODE_SIGN_STYLE = Automatic;
				CURRENT_PROJECT_VERSION = 1;
				DEVELOPMENT_TEAM = G35H72FWR9;
				GENERATE_INFOPLIST_FILE = YES;
				MARKETING_VERSION = 1.0;
				PRODUCT_BUNDLE_IDENTIFIER = "Congressional-App-Challenge.LamdaFlashcardUITests";
				PRODUCT_NAME = "$(TARGET_NAME)";
				SWIFT_EMIT_LOC_STRINGS = NO;
				SWIFT_VERSION = 5.0;
				TARGETED_DEVICE_FAMILY = "1,2";
				TEST_TARGET_NAME = LamdaFlashcard;
			};
			name = Release;
		};
/* End XCBuildConfiguration section */

/* Begin XCConfigurationList section */
		72F699062AE9F50B0068572D /* Build configuration list for PBXProject "LamdaFlashcard" */ = {
			isa = XCConfigurationList;
			buildConfigurations = (
				72F6992D2AE9F5130068572D /* Debug */,
				72F6992E2AE9F5130068572D /* Release */,
			);
			defaultConfigurationIsVisible = 0;
			defaultConfigurationName = Release;
		};
		72F6992F2AE9F5130068572D /* Build configuration list for PBXNativeTarget "LamdaFlashcard" */ = {
			isa = XCConfigurationList;
			buildConfigurations = (
				72F699302AE9F5130068572D /* Debug */,
				72F699312AE9F5130068572D /* Release */,
			);
			defaultConfigurationIsVisible = 0;
			defaultConfigurationName = Release;
		};
		72F699322AE9F5130068572D /* Build configuration list for PBXNativeTarget "LamdaFlashcardTests" */ = {
			isa = XCConfigurationList;
			buildConfigurations = (
				72F699332AE9F5130068572D /* Debug */,
				72F699342AE9F5130068572D /* Release */,
			);
			defaultConfigurationIsVisible = 0;
			defaultConfigurationName = Release;
		};
		72F699352AE9F5130068572D /* Build configuration list for PBXNativeTarget "LamdaFlashcardUITests" */ = {
			isa = XCConfigurationList;
			buildConfigurations = (
				72F699362AE9F5130068572D /* Debug */,
				72F699372AE9F5130068572D /* Release */,
			);
			defaultConfigurationIsVisible = 0;
			defaultConfigurationName = Release;
		};
/* End XCConfigurationList section */
	};
	rootObject = 72F699032AE9F50B0068572D /* Project object */;
}
