// !$*UTF8*$!
{
	archiveVersion = 1;
	classes = {
	};
	objectVersion = 55;
	objects = {

/* Begin PBXBuildFile section */
		724A09D22AE2C70E00207430 /* FLASHCARDSApp.swift in Sources */ = {isa = PBXBuildFile; fileRef = 724A09D12AE2C70E00207430 /* FLASHCARDSApp.swift */; };
		724A09D42AE2C70E00207430 /* ContentView.swift in Sources */ = {isa = PBXBuildFile; fileRef = 724A09D32AE2C70E00207430 /* ContentView.swift */; };
		724A09D62AE2C71200207430 /* Assets.xcassets in Resources */ = {isa = PBXBuildFile; fileRef = 724A09D52AE2C71200207430 /* Assets.xcassets */; };
		724A09D92AE2C71200207430 /* Preview Assets.xcassets in Resources */ = {isa = PBXBuildFile; fileRef = 724A09D82AE2C71200207430 /* Preview Assets.xcassets */; };
		724A09E32AE2C71300207430 /* FLASHCARDSTests.swift in Sources */ = {isa = PBXBuildFile; fileRef = 724A09E22AE2C71300207430 /* FLASHCARDSTests.swift */; };
		724A09ED2AE2C71300207430 /* FLASHCARDSUITests.swift in Sources */ = {isa = PBXBuildFile; fileRef = 724A09EC2AE2C71300207430 /* FLASHCARDSUITests.swift */; };
		724A09EF2AE2C71300207430 /* FLASHCARDSUITestsLaunchTests.swift in Sources */ = {isa = PBXBuildFile; fileRef = 724A09EE2AE2C71300207430 /* FLASHCARDSUITestsLaunchTests.swift */; };
		724A09FC2AE30B3E00207430 /* Flashcard.swift in Sources */ = {isa = PBXBuildFile; fileRef = 724A09FB2AE30B3E00207430 /* Flashcard.swift */; };
		724A09FE2AE30D8300207430 /* FlashcardStack.swift in Sources */ = {isa = PBXBuildFile; fileRef = 724A09FD2AE30D8300207430 /* FlashcardStack.swift */; };
		724A0A002AE30FB000207430 /* FlashcardData.swift in Sources */ = {isa = PBXBuildFile; fileRef = 724A09FF2AE30FB000207430 /* FlashcardData.swift */; };
		724A0A022AE3372800207430 /* NetworkManager.swift in Sources */ = {isa = PBXBuildFile; fileRef = 724A0A012AE3372800207430 /* NetworkManager.swift */; };
		724A0A042AE3704300207430 /* FlashcardService.swift in Sources */ = {isa = PBXBuildFile; fileRef = 724A0A032AE3704300207430 /* FlashcardService.swift */; };
		724A0A062AE5A3C900207430 /* FlashcardRetard.swift in Sources */ = {isa = PBXBuildFile; fileRef = 724A0A052AE5A3C900207430 /* FlashcardRetard.swift */; };
/* End PBXBuildFile section */

/* Begin PBXContainerItemProxy section */
		724A09DF2AE2C71300207430 /* PBXContainerItemProxy */ = {
			isa = PBXContainerItemProxy;
			containerPortal = 724A09C62AE2C70E00207430 /* Project object */;
			proxyType = 1;
			remoteGlobalIDString = 724A09CD2AE2C70E00207430;
			remoteInfo = FLASHCARDS;
		};
		724A09E92AE2C71300207430 /* PBXContainerItemProxy */ = {
			isa = PBXContainerItemProxy;
			containerPortal = 724A09C62AE2C70E00207430 /* Project object */;
			proxyType = 1;
			remoteGlobalIDString = 724A09CD2AE2C70E00207430;
			remoteInfo = FLASHCARDS;
		};
/* End PBXContainerItemProxy section */

/* Begin PBXFileReference section */
		724A09CE2AE2C70E00207430 /* FLASHCARDS.app */ = {isa = PBXFileReference; explicitFileType = wrapper.application; includeInIndex = 0; path = FLASHCARDS.app; sourceTree = BUILT_PRODUCTS_DIR; };
		724A09D12AE2C70E00207430 /* FLASHCARDSApp.swift */ = {isa = PBXFileReference; lastKnownFileType = sourcecode.swift; path = FLASHCARDSApp.swift; sourceTree = "<group>"; };
		724A09D32AE2C70E00207430 /* ContentView.swift */ = {isa = PBXFileReference; lastKnownFileType = sourcecode.swift; path = ContentView.swift; sourceTree = "<group>"; };
		724A09D52AE2C71200207430 /* Assets.xcassets */ = {isa = PBXFileReference; lastKnownFileType = folder.assetcatalog; path = Assets.xcassets; sourceTree = "<group>"; };
		724A09D82AE2C71200207430 /* Preview Assets.xcassets */ = {isa = PBXFileReference; lastKnownFileType = folder.assetcatalog; path = "Preview Assets.xcassets"; sourceTree = "<group>"; };
		724A09DE2AE2C71300207430 /* FLASHCARDSTests.xctest */ = {isa = PBXFileReference; explicitFileType = wrapper.cfbundle; includeInIndex = 0; path = FLASHCARDSTests.xctest; sourceTree = BUILT_PRODUCTS_DIR; };
		724A09E22AE2C71300207430 /* FLASHCARDSTests.swift */ = {isa = PBXFileReference; lastKnownFileType = sourcecode.swift; path = FLASHCARDSTests.swift; sourceTree = "<group>"; };
		724A09E82AE2C71300207430 /* FLASHCARDSUITests.xctest */ = {isa = PBXFileReference; explicitFileType = wrapper.cfbundle; includeInIndex = 0; path = FLASHCARDSUITests.xctest; sourceTree = BUILT_PRODUCTS_DIR; };
		724A09EC2AE2C71300207430 /* FLASHCARDSUITests.swift */ = {isa = PBXFileReference; lastKnownFileType = sourcecode.swift; path = FLASHCARDSUITests.swift; sourceTree = "<group>"; };
		724A09EE2AE2C71300207430 /* FLASHCARDSUITestsLaunchTests.swift */ = {isa = PBXFileReference; lastKnownFileType = sourcecode.swift; path = FLASHCARDSUITestsLaunchTests.swift; sourceTree = "<group>"; };
		724A09FB2AE30B3E00207430 /* Flashcard.swift */ = {isa = PBXFileReference; lastKnownFileType = sourcecode.swift; path = Flashcard.swift; sourceTree = "<group>"; };
		724A09FD2AE30D8300207430 /* FlashcardStack.swift */ = {isa = PBXFileReference; lastKnownFileType = sourcecode.swift; path = FlashcardStack.swift; sourceTree = "<group>"; };
		724A09FF2AE30FB000207430 /* FlashcardData.swift */ = {isa = PBXFileReference; lastKnownFileType = sourcecode.swift; path = FlashcardData.swift; sourceTree = "<group>"; };
		724A0A012AE3372800207430 /* NetworkManager.swift */ = {isa = PBXFileReference; lastKnownFileType = sourcecode.swift; path = NetworkManager.swift; sourceTree = "<group>"; };
		724A0A032AE3704300207430 /* FlashcardService.swift */ = {isa = PBXFileReference; lastKnownFileType = sourcecode.swift; path = FlashcardService.swift; sourceTree = "<group>"; };
		724A0A052AE5A3C900207430 /* FlashcardRetard.swift */ = {isa = PBXFileReference; fileEncoding = 4; lastKnownFileType = sourcecode.swift; path = FlashcardRetard.swift; sourceTree = "<group>"; };
/* End PBXFileReference section */

/* Begin PBXFrameworksBuildPhase section */
		724A09CB2AE2C70E00207430 /* Frameworks */ = {
			isa = PBXFrameworksBuildPhase;
			buildActionMask = 2147483647;
			files = (
			);
			runOnlyForDeploymentPostprocessing = 0;
		};
		724A09DB2AE2C71300207430 /* Frameworks */ = {
			isa = PBXFrameworksBuildPhase;
			buildActionMask = 2147483647;
			files = (
			);
			runOnlyForDeploymentPostprocessing = 0;
		};
		724A09E52AE2C71300207430 /* Frameworks */ = {
			isa = PBXFrameworksBuildPhase;
			buildActionMask = 2147483647;
			files = (
			);
			runOnlyForDeploymentPostprocessing = 0;
		};
/* End PBXFrameworksBuildPhase section */

/* Begin PBXGroup section */
		724A09C52AE2C70E00207430 = {
			isa = PBXGroup;
			children = (
				724A09D02AE2C70E00207430 /* FLASHCARDS */,
				724A09E12AE2C71300207430 /* FLASHCARDSTests */,
				724A09EB2AE2C71300207430 /* FLASHCARDSUITests */,
				724A09CF2AE2C70E00207430 /* Products */,
			);
			sourceTree = "<group>";
		};
		724A09CF2AE2C70E00207430 /* Products */ = {
			isa = PBXGroup;
			children = (
				724A09CE2AE2C70E00207430 /* FLASHCARDS.app */,
				724A09DE2AE2C71300207430 /* FLASHCARDSTests.xctest */,
				724A09E82AE2C71300207430 /* FLASHCARDSUITests.xctest */,
			);
			name = Products;
			sourceTree = "<group>";
		};
		724A09D02AE2C70E00207430 /* FLASHCARDS */ = {
			isa = PBXGroup;
			children = (
				724A09D12AE2C70E00207430 /* FLASHCARDSApp.swift */,
				724A09D32AE2C70E00207430 /* ContentView.swift */,
				724A09FB2AE30B3E00207430 /* Flashcard.swift */,
				724A0A052AE5A3C900207430 /* FlashcardRetard.swift */,
				724A09FD2AE30D8300207430 /* FlashcardStack.swift */,
				724A0A012AE3372800207430 /* NetworkManager.swift */,
				724A0A032AE3704300207430 /* FlashcardService.swift */,
				724A09FF2AE30FB000207430 /* FlashcardData.swift */,
				724A09D52AE2C71200207430 /* Assets.xcassets */,
				724A09D72AE2C71200207430 /* Preview Content */,
			);
			path = FLASHCARDS;
			sourceTree = "<group>";
		};
		724A09D72AE2C71200207430 /* Preview Content */ = {
			isa = PBXGroup;
			children = (
				724A09D82AE2C71200207430 /* Preview Assets.xcassets */,
			);
			path = "Preview Content";
			sourceTree = "<group>";
		};
		724A09E12AE2C71300207430 /* FLASHCARDSTests */ = {
			isa = PBXGroup;
			children = (
				724A09E22AE2C71300207430 /* FLASHCARDSTests.swift */,
			);
			path = FLASHCARDSTests;
			sourceTree = "<group>";
		};
		724A09EB2AE2C71300207430 /* FLASHCARDSUITests */ = {
			isa = PBXGroup;
			children = (
				724A09EC2AE2C71300207430 /* FLASHCARDSUITests.swift */,
				724A09EE2AE2C71300207430 /* FLASHCARDSUITestsLaunchTests.swift */,
			);
			path = FLASHCARDSUITests;
			sourceTree = "<group>";
		};
/* End PBXGroup section */

/* Begin PBXNativeTarget section */
		724A09CD2AE2C70E00207430 /* FLASHCARDS */ = {
			isa = PBXNativeTarget;
			buildConfigurationList = 724A09F22AE2C71300207430 /* Build configuration list for PBXNativeTarget "FLASHCARDS" */;
			buildPhases = (
				724A09CA2AE2C70E00207430 /* Sources */,
				724A09CB2AE2C70E00207430 /* Frameworks */,
				724A09CC2AE2C70E00207430 /* Resources */,
			);
			buildRules = (
			);
			dependencies = (
			);
			name = FLASHCARDS;
			productName = FLASHCARDS;
			productReference = 724A09CE2AE2C70E00207430 /* FLASHCARDS.app */;
			productType = "com.apple.product-type.application";
		};
		724A09DD2AE2C71300207430 /* FLASHCARDSTests */ = {
			isa = PBXNativeTarget;
			buildConfigurationList = 724A09F52AE2C71300207430 /* Build configuration list for PBXNativeTarget "FLASHCARDSTests" */;
			buildPhases = (
				724A09DA2AE2C71300207430 /* Sources */,
				724A09DB2AE2C71300207430 /* Frameworks */,
				724A09DC2AE2C71300207430 /* Resources */,
			);
			buildRules = (
			);
			dependencies = (
				724A09E02AE2C71300207430 /* PBXTargetDependency */,
			);
			name = FLASHCARDSTests;
			productName = FLASHCARDSTests;
			productReference = 724A09DE2AE2C71300207430 /* FLASHCARDSTests.xctest */;
			productType = "com.apple.product-type.bundle.unit-test";
		};
		724A09E72AE2C71300207430 /* FLASHCARDSUITests */ = {
			isa = PBXNativeTarget;
			buildConfigurationList = 724A09F82AE2C71300207430 /* Build configuration list for PBXNativeTarget "FLASHCARDSUITests" */;
			buildPhases = (
				724A09E42AE2C71300207430 /* Sources */,
				724A09E52AE2C71300207430 /* Frameworks */,
				724A09E62AE2C71300207430 /* Resources */,
			);
			buildRules = (
			);
			dependencies = (
				724A09EA2AE2C71300207430 /* PBXTargetDependency */,
			);
			name = FLASHCARDSUITests;
			productName = FLASHCARDSUITests;
			productReference = 724A09E82AE2C71300207430 /* FLASHCARDSUITests.xctest */;
			productType = "com.apple.product-type.bundle.ui-testing";
		};
/* End PBXNativeTarget section */

/* Begin PBXProject section */
		724A09C62AE2C70E00207430 /* Project object */ = {
			isa = PBXProject;
			attributes = {
				BuildIndependentTargetsInParallel = 1;
				LastSwiftUpdateCheck = 1320;
				LastUpgradeCheck = 1320;
				TargetAttributes = {
					724A09CD2AE2C70E00207430 = {
						CreatedOnToolsVersion = 13.2.1;
					};
					724A09DD2AE2C71300207430 = {
						CreatedOnToolsVersion = 13.2.1;
						TestTargetID = 724A09CD2AE2C70E00207430;
					};
					724A09E72AE2C71300207430 = {
						CreatedOnToolsVersion = 13.2.1;
						TestTargetID = 724A09CD2AE2C70E00207430;
					};
				};
			};
			buildConfigurationList = 724A09C92AE2C70E00207430 /* Build configuration list for PBXProject "FLASHCARDS" */;
			compatibilityVersion = "Xcode 13.0";
			developmentRegion = en;
			hasScannedForEncodings = 0;
			knownRegions = (
				en,
				Base,
			);
			mainGroup = 724A09C52AE2C70E00207430;
			productRefGroup = 724A09CF2AE2C70E00207430 /* Products */;
			projectDirPath = "";
			projectRoot = "";
			targets = (
				724A09CD2AE2C70E00207430 /* FLASHCARDS */,
				724A09DD2AE2C71300207430 /* FLASHCARDSTests */,
				724A09E72AE2C71300207430 /* FLASHCARDSUITests */,
			);
		};
/* End PBXProject section */

/* Begin PBXResourcesBuildPhase section */
		724A09CC2AE2C70E00207430 /* Resources */ = {
			isa = PBXResourcesBuildPhase;
			buildActionMask = 2147483647;
			files = (
				724A09D92AE2C71200207430 /* Preview Assets.xcassets in Resources */,
				724A09D62AE2C71200207430 /* Assets.xcassets in Resources */,
			);
			runOnlyForDeploymentPostprocessing = 0;
		};
		724A09DC2AE2C71300207430 /* Resources */ = {
			isa = PBXResourcesBuildPhase;
			buildActionMask = 2147483647;
			files = (
			);
			runOnlyForDeploymentPostprocessing = 0;
		};
		724A09E62AE2C71300207430 /* Resources */ = {
			isa = PBXResourcesBuildPhase;
			buildActionMask = 2147483647;
			files = (
			);
			runOnlyForDeploymentPostprocessing = 0;
		};
/* End PBXResourcesBuildPhase section */

/* Begin PBXSourcesBuildPhase section */
		724A09CA2AE2C70E00207430 /* Sources */ = {
			isa = PBXSourcesBuildPhase;
			buildActionMask = 2147483647;
			files = (
				724A0A022AE3372800207430 /* NetworkManager.swift in Sources */,
				724A09FC2AE30B3E00207430 /* Flashcard.swift in Sources */,
				724A0A062AE5A3C900207430 /* FlashcardRetard.swift in Sources */,
				724A0A002AE30FB000207430 /* FlashcardData.swift in Sources */,
				724A09FE2AE30D8300207430 /* FlashcardStack.swift in Sources */,
				724A0A042AE3704300207430 /* FlashcardService.swift in Sources */,
				724A09D42AE2C70E00207430 /* ContentView.swift in Sources */,
				724A09D22AE2C70E00207430 /* FLASHCARDSApp.swift in Sources */,
			);
			runOnlyForDeploymentPostprocessing = 0;
		};
		724A09DA2AE2C71300207430 /* Sources */ = {
			isa = PBXSourcesBuildPhase;
			buildActionMask = 2147483647;
			files = (
				724A09E32AE2C71300207430 /* FLASHCARDSTests.swift in Sources */,
			);
			runOnlyForDeploymentPostprocessing = 0;
		};
		724A09E42AE2C71300207430 /* Sources */ = {
			isa = PBXSourcesBuildPhase;
			buildActionMask = 2147483647;
			files = (
				724A09ED2AE2C71300207430 /* FLASHCARDSUITests.swift in Sources */,
				724A09EF2AE2C71300207430 /* FLASHCARDSUITestsLaunchTests.swift in Sources */,
			);
			runOnlyForDeploymentPostprocessing = 0;
		};
/* End PBXSourcesBuildPhase section */

/* Begin PBXTargetDependency section */
		724A09E02AE2C71300207430 /* PBXTargetDependency */ = {
			isa = PBXTargetDependency;
			target = 724A09CD2AE2C70E00207430 /* FLASHCARDS */;
			targetProxy = 724A09DF2AE2C71300207430 /* PBXContainerItemProxy */;
		};
		724A09EA2AE2C71300207430 /* PBXTargetDependency */ = {
			isa = PBXTargetDependency;
			target = 724A09CD2AE2C70E00207430 /* FLASHCARDS */;
			targetProxy = 724A09E92AE2C71300207430 /* PBXContainerItemProxy */;
		};
/* End PBXTargetDependency section */

/* Begin XCBuildConfiguration section */
		724A09F02AE2C71300207430 /* Debug */ = {
			isa = XCBuildConfiguration;
			buildSettings = {
				ALWAYS_SEARCH_USER_PATHS = NO;
				CLANG_ANALYZER_NONNULL = YES;
				CLANG_ANALYZER_NUMBER_OBJECT_CONVERSION = YES_AGGRESSIVE;
				CLANG_CXX_LANGUAGE_STANDARD = "gnu++17";
				CLANG_CXX_LIBRARY = "libc++";
				CLANG_ENABLE_MODULES = YES;
				CLANG_ENABLE_OBJC_ARC = YES;
				CLANG_ENABLE_OBJC_WEAK = YES;
				CLANG_WARN_BLOCK_CAPTURE_AUTORELEASING = YES;
				CLANG_WARN_BOOL_CONVERSION = YES;
				CLANG_WARN_COMMA = YES;
				CLANG_WARN_CONSTANT_CONVERSION = YES;
				CLANG_WARN_DEPRECATED_OBJC_IMPLEMENTATIONS = YES;
				CLANG_WARN_DIRECT_OBJC_ISA_USAGE = YES_ERROR;
				CLANG_WARN_DOCUMENTATION_COMMENTS = YES;
				CLANG_WARN_EMPTY_BODY = YES;
				CLANG_WARN_ENUM_CONVERSION = YES;
				CLANG_WARN_INFINITE_RECURSION = YES;
				CLANG_WARN_INT_CONVERSION = YES;
				CLANG_WARN_NON_LITERAL_NULL_CONVERSION = YES;
				CLANG_WARN_OBJC_IMPLICIT_RETAIN_SELF = YES;
				CLANG_WARN_OBJC_LITERAL_CONVERSION = YES;
				CLANG_WARN_OBJC_ROOT_CLASS = YES_ERROR;
				CLANG_WARN_QUOTED_INCLUDE_IN_FRAMEWORK_HEADER = YES;
				CLANG_WARN_RANGE_LOOP_ANALYSIS = YES;
				CLANG_WARN_STRICT_PROTOTYPES = YES;
				CLANG_WARN_SUSPICIOUS_MOVE = YES;
				CLANG_WARN_UNGUARDED_AVAILABILITY = YES_AGGRESSIVE;
				CLANG_WARN_UNREACHABLE_CODE = YES;
				CLANG_WARN__DUPLICATE_METHOD_MATCH = YES;
				COPY_PHASE_STRIP = NO;
				DEBUG_INFORMATION_FORMAT = dwarf;
				ENABLE_STRICT_OBJC_MSGSEND = YES;
				ENABLE_TESTABILITY = YES;
				GCC_C_LANGUAGE_STANDARD = gnu11;
				GCC_DYNAMIC_NO_PIC = NO;
				GCC_NO_COMMON_BLOCKS = YES;
				GCC_OPTIMIZATION_LEVEL = 0;
				GCC_PREPROCESSOR_DEFINITIONS = (
					"DEBUG=1",
					"$(inherited)",
				);
				GCC_WARN_64_TO_32_BIT_CONVERSION = YES;
				GCC_WARN_ABOUT_RETURN_TYPE = YES_ERROR;
				GCC_WARN_UNDECLARED_SELECTOR = YES;
				GCC_WARN_UNINITIALIZED_AUTOS = YES_AGGRESSIVE;
				GCC_WARN_UNUSED_FUNCTION = YES;
				GCC_WARN_UNUSED_VARIABLE = YES;
				IPHONEOS_DEPLOYMENT_TARGET = 15.2;
				MTL_ENABLE_DEBUG_INFO = INCLUDE_SOURCE;
				MTL_FAST_MATH = YES;
				ONLY_ACTIVE_ARCH = YES;
				SDKROOT = iphoneos;
				SWIFT_ACTIVE_COMPILATION_CONDITIONS = DEBUG;
				SWIFT_OPTIMIZATION_LEVEL = "-Onone";
			};
			name = Debug;
		};
		724A09F12AE2C71300207430 /* Release */ = {
			isa = XCBuildConfiguration;
			buildSettings = {
				ALWAYS_SEARCH_USER_PATHS = NO;
				CLANG_ANALYZER_NONNULL = YES;
				CLANG_ANALYZER_NUMBER_OBJECT_CONVERSION = YES_AGGRESSIVE;
				CLANG_CXX_LANGUAGE_STANDARD = "gnu++17";
				CLANG_CXX_LIBRARY = "libc++";
				CLANG_ENABLE_MODULES = YES;
				CLANG_ENABLE_OBJC_ARC = YES;
				CLANG_ENABLE_OBJC_WEAK = YES;
				CLANG_WARN_BLOCK_CAPTURE_AUTORELEASING = YES;
				CLANG_WARN_BOOL_CONVERSION = YES;
				CLANG_WARN_COMMA = YES;
				CLANG_WARN_CONSTANT_CONVERSION = YES;
				CLANG_WARN_DEPRECATED_OBJC_IMPLEMENTATIONS = YES;
				CLANG_WARN_DIRECT_OBJC_ISA_USAGE = YES_ERROR;
				CLANG_WARN_DOCUMENTATION_COMMENTS = YES;
				CLANG_WARN_EMPTY_BODY = YES;
				CLANG_WARN_ENUM_CONVERSION = YES;
				CLANG_WARN_INFINITE_RECURSION = YES;
				CLANG_WARN_INT_CONVERSION = YES;
				CLANG_WARN_NON_LITERAL_NULL_CONVERSION = YES;
				CLANG_WARN_OBJC_IMPLICIT_RETAIN_SELF = YES;
				CLANG_WARN_OBJC_LITERAL_CONVERSION = YES;
				CLANG_WARN_OBJC_ROOT_CLASS = YES_ERROR;
				CLANG_WARN_QUOTED_INCLUDE_IN_FRAMEWORK_HEADER = YES;
				CLANG_WARN_RANGE_LOOP_ANALYSIS = YES;
				CLANG_WARN_STRICT_PROTOTYPES = YES;
				CLANG_WARN_SUSPICIOUS_MOVE = YES;
				CLANG_WARN_UNGUARDED_AVAILABILITY = YES_AGGRESSIVE;
				CLANG_WARN_UNREACHABLE_CODE = YES;
				CLANG_WARN__DUPLICATE_METHOD_MATCH = YES;
				COPY_PHASE_STRIP = NO;
				DEBUG_INFORMATION_FORMAT = "dwarf-with-dsym";
				ENABLE_NS_ASSERTIONS = NO;
				ENABLE_STRICT_OBJC_MSGSEND = YES;
				GCC_C_LANGUAGE_STANDARD = gnu11;
				GCC_NO_COMMON_BLOCKS = YES;
				GCC_WARN_64_TO_32_BIT_CONVERSION = YES;
				GCC_WARN_ABOUT_RETURN_TYPE = YES_ERROR;
				GCC_WARN_UNDECLARED_SELECTOR = YES;
				GCC_WARN_UNINITIALIZED_AUTOS = YES_AGGRESSIVE;
				GCC_WARN_UNUSED_FUNCTION = YES;
				GCC_WARN_UNUSED_VARIABLE = YES;
				IPHONEOS_DEPLOYMENT_TARGET = 15.2;
				MTL_ENABLE_DEBUG_INFO = NO;
				MTL_FAST_MATH = YES;
				SDKROOT = iphoneos;
				SWIFT_COMPILATION_MODE = wholemodule;
				SWIFT_OPTIMIZATION_LEVEL = "-O";
				VALIDATE_PRODUCT = YES;
			};
			name = Release;
		};
		724A09F32AE2C71300207430 /* Debug */ = {
			isa = XCBuildConfiguration;
			buildSettings = {
				ASSETCATALOG_COMPILER_APPICON_NAME = AppIcon;
				ASSETCATALOG_COMPILER_GLOBAL_ACCENT_COLOR_NAME = AccentColor;
				CODE_SIGN_STYLE = Automatic;
				CURRENT_PROJECT_VERSION = 1;
				DEVELOPMENT_ASSET_PATHS = "\"FLASHCARDS/Preview Content\"";
				DEVELOPMENT_TEAM = G35H72FWR9;
				ENABLE_PREVIEWS = YES;
				GENERATE_INFOPLIST_FILE = YES;
				INFOPLIST_KEY_UIApplicationSceneManifest_Generation = YES;
				INFOPLIST_KEY_UIApplicationSupportsIndirectInputEvents = YES;
				INFOPLIST_KEY_UILaunchScreen_Generation = YES;
				INFOPLIST_KEY_UISupportedInterfaceOrientations_iPad = "UIInterfaceOrientationPortrait UIInterfaceOrientationPortraitUpsideDown UIInterfaceOrientationLandscapeLeft UIInterfaceOrientationLandscapeRight";
				INFOPLIST_KEY_UISupportedInterfaceOrientations_iPhone = "UIInterfaceOrientationPortrait UIInterfaceOrientationLandscapeLeft UIInterfaceOrientationLandscapeRight";
				LD_RUNPATH_SEARCH_PATHS = (
					"$(inherited)",
					"@executable_path/Frameworks",
				);
				MARKETING_VERSION = 1.0;
				PRODUCT_BUNDLE_IDENTIFIER = "Congressional-App-Challenge.FLASHCARDS";
				PRODUCT_NAME = "$(TARGET_NAME)";
				SWIFT_EMIT_LOC_STRINGS = YES;
				SWIFT_VERSION = 5.0;
				TARGETED_DEVICE_FAMILY = "1,2";
			};
			name = Debug;
		};
		724A09F42AE2C71300207430 /* Release */ = {
			isa = XCBuildConfiguration;
			buildSettings = {
				ASSETCATALOG_COMPILER_APPICON_NAME = AppIcon;
				ASSETCATALOG_COMPILER_GLOBAL_ACCENT_COLOR_NAME = AccentColor;
				CODE_SIGN_STYLE = Automatic;
				CURRENT_PROJECT_VERSION = 1;
				DEVELOPMENT_ASSET_PATHS = "\"FLASHCARDS/Preview Content\"";
				DEVELOPMENT_TEAM = G35H72FWR9;
				ENABLE_PREVIEWS = YES;
				GENERATE_INFOPLIST_FILE = YES;
				INFOPLIST_KEY_UIApplicationSceneManifest_Generation = YES;
				INFOPLIST_KEY_UIApplicationSupportsIndirectInputEvents = YES;
				INFOPLIST_KEY_UILaunchScreen_Generation = YES;
				INFOPLIST_KEY_UISupportedInterfaceOrientations_iPad = "UIInterfaceOrientationPortrait UIInterfaceOrientationPortraitUpsideDown UIInterfaceOrientationLandscapeLeft UIInterfaceOrientationLandscapeRight";
				INFOPLIST_KEY_UISupportedInterfaceOrientations_iPhone = "UIInterfaceOrientationPortrait UIInterfaceOrientationLandscapeLeft UIInterfaceOrientationLandscapeRight";
				LD_RUNPATH_SEARCH_PATHS = (
					"$(inherited)",
					"@executable_path/Frameworks",
				);
				MARKETING_VERSION = 1.0;
				PRODUCT_BUNDLE_IDENTIFIER = "Congressional-App-Challenge.FLASHCARDS";
				PRODUCT_NAME = "$(TARGET_NAME)";
				SWIFT_EMIT_LOC_STRINGS = YES;
				SWIFT_VERSION = 5.0;
				TARGETED_DEVICE_FAMILY = "1,2";
			};
			name = Release;
		};
		724A09F62AE2C71300207430 /* Debug */ = {
			isa = XCBuildConfiguration;
			buildSettings = {
				ALWAYS_EMBED_SWIFT_STANDARD_LIBRARIES = YES;
				BUNDLE_LOADER = "$(TEST_HOST)";
				CODE_SIGN_STYLE = Automatic;
				CURRENT_PROJECT_VERSION = 1;
				DEVELOPMENT_TEAM = G35H72FWR9;
				GENERATE_INFOPLIST_FILE = YES;
				IPHONEOS_DEPLOYMENT_TARGET = 15.2;
				MARKETING_VERSION = 1.0;
				PRODUCT_BUNDLE_IDENTIFIER = "Congressional-App-Challenge.FLASHCARDSTests";
				PRODUCT_NAME = "$(TARGET_NAME)";
				SWIFT_EMIT_LOC_STRINGS = NO;
				SWIFT_VERSION = 5.0;
				TARGETED_DEVICE_FAMILY = "1,2";
				TEST_HOST = "$(BUILT_PRODUCTS_DIR)/FLASHCARDS.app/FLASHCARDS";
			};
			name = Debug;
		};
		724A09F72AE2C71300207430 /* Release */ = {
			isa = XCBuildConfiguration;
			buildSettings = {
				ALWAYS_EMBED_SWIFT_STANDARD_LIBRARIES = YES;
				BUNDLE_LOADER = "$(TEST_HOST)";
				CODE_SIGN_STYLE = Automatic;
				CURRENT_PROJECT_VERSION = 1;
				DEVELOPMENT_TEAM = G35H72FWR9;
				GENERATE_INFOPLIST_FILE = YES;
				IPHONEOS_DEPLOYMENT_TARGET = 15.2;
				MARKETING_VERSION = 1.0;
				PRODUCT_BUNDLE_IDENTIFIER = "Congressional-App-Challenge.FLASHCARDSTests";
				PRODUCT_NAME = "$(TARGET_NAME)";
				SWIFT_EMIT_LOC_STRINGS = NO;
				SWIFT_VERSION = 5.0;
				TARGETED_DEVICE_FAMILY = "1,2";
				TEST_HOST = "$(BUILT_PRODUCTS_DIR)/FLASHCARDS.app/FLASHCARDS";
			};
			name = Release;
		};
		724A09F92AE2C71300207430 /* Debug */ = {
			isa = XCBuildConfiguration;
			buildSettings = {
				ALWAYS_EMBED_SWIFT_STANDARD_LIBRARIES = YES;
				CODE_SIGN_STYLE = Automatic;
				CURRENT_PROJECT_VERSION = 1;
				DEVELOPMENT_TEAM = G35H72FWR9;
				GENERATE_INFOPLIST_FILE = YES;
				MARKETING_VERSION = 1.0;
				PRODUCT_BUNDLE_IDENTIFIER = "Congressional-App-Challenge.FLASHCARDSUITests";
				PRODUCT_NAME = "$(TARGET_NAME)";
				SWIFT_EMIT_LOC_STRINGS = NO;
				SWIFT_VERSION = 5.0;
				TARGETED_DEVICE_FAMILY = "1,2";
				TEST_TARGET_NAME = FLASHCARDS;
			};
			name = Debug;
		};
		724A09FA2AE2C71300207430 /* Release */ = {
			isa = XCBuildConfiguration;
			buildSettings = {
				ALWAYS_EMBED_SWIFT_STANDARD_LIBRARIES = YES;
				CODE_SIGN_STYLE = Automatic;
				CURRENT_PROJECT_VERSION = 1;
				DEVELOPMENT_TEAM = G35H72FWR9;
				GENERATE_INFOPLIST_FILE = YES;
				MARKETING_VERSION = 1.0;
				PRODUCT_BUNDLE_IDENTIFIER = "Congressional-App-Challenge.FLASHCARDSUITests";
				PRODUCT_NAME = "$(TARGET_NAME)";
				SWIFT_EMIT_LOC_STRINGS = NO;
				SWIFT_VERSION = 5.0;
				TARGETED_DEVICE_FAMILY = "1,2";
				TEST_TARGET_NAME = FLASHCARDS;
			};
			name = Release;
		};
/* End XCBuildConfiguration section */

/* Begin XCConfigurationList section */
		724A09C92AE2C70E00207430 /* Build configuration list for PBXProject "FLASHCARDS" */ = {
			isa = XCConfigurationList;
			buildConfigurations = (
				724A09F02AE2C71300207430 /* Debug */,
				724A09F12AE2C71300207430 /* Release */,
			);
			defaultConfigurationIsVisible = 0;
			defaultConfigurationName = Release;
		};
		724A09F22AE2C71300207430 /* Build configuration list for PBXNativeTarget "FLASHCARDS" */ = {
			isa = XCConfigurationList;
			buildConfigurations = (
				724A09F32AE2C71300207430 /* Debug */,
				724A09F42AE2C71300207430 /* Release */,
			);
			defaultConfigurationIsVisible = 0;
			defaultConfigurationName = Release;
		};
		724A09F52AE2C71300207430 /* Build configuration list for PBXNativeTarget "FLASHCARDSTests" */ = {
			isa = XCConfigurationList;
			buildConfigurations = (
				724A09F62AE2C71300207430 /* Debug */,
				724A09F72AE2C71300207430 /* Release */,
			);
			defaultConfigurationIsVisible = 0;
			defaultConfigurationName = Release;
		};
		724A09F82AE2C71300207430 /* Build configuration list for PBXNativeTarget "FLASHCARDSUITests" */ = {
			isa = XCConfigurationList;
			buildConfigurations = (
				724A09F92AE2C71300207430 /* Debug */,
				724A09FA2AE2C71300207430 /* Release */,
			);
			defaultConfigurationIsVisible = 0;
			defaultConfigurationName = Release;
		};
/* End XCConfigurationList section */
	};
	rootObject = 724A09C62AE2C70E00207430 /* Project object */;
}
