// !$*UTF8*$!
{
	archiveVersion = 1;
	classes = {
	};
	objectVersion = 55;
	objects = {

/* Begin PBXBuildFile section */
		72F699512AE9FCB30068572D /* AssignMate_FlashcardVersionApp.swift in Sources */ = {isa = PBXBuildFile; fileRef = 72F699502AE9FCB30068572D /* AssignMate_FlashcardVersionApp.swift */; };
		72F699532AE9FCB30068572D /* ContentView.swift in Sources */ = {isa = PBXBuildFile; fileRef = 72F699522AE9FCB30068572D /* ContentView.swift */; };
		72F699552AE9FCB80068572D /* Assets.xcassets in Resources */ = {isa = PBXBuildFile; fileRef = 72F699542AE9FCB80068572D /* Assets.xcassets */; };
		72F699582AE9FCB80068572D /* Preview Assets.xcassets in Resources */ = {isa = PBXBuildFile; fileRef = 72F699572AE9FCB80068572D /* Preview Assets.xcassets */; };
		72F699622AE9FCB80068572D /* AssignMate_FlashcardVersionTests.swift in Sources */ = {isa = PBXBuildFile; fileRef = 72F699612AE9FCB80068572D /* AssignMate_FlashcardVersionTests.swift */; };
		72F6996C2AE9FCB80068572D /* AssignMate_FlashcardVersionUITests.swift in Sources */ = {isa = PBXBuildFile; fileRef = 72F6996B2AE9FCB80068572D /* AssignMate_FlashcardVersionUITests.swift */; };
		72F6996E2AE9FCB80068572D /* AssignMate_FlashcardVersionUITestsLaunchTests.swift in Sources */ = {isa = PBXBuildFile; fileRef = 72F6996D2AE9FCB80068572D /* AssignMate_FlashcardVersionUITestsLaunchTests.swift */; };
		72F6997B2AEA05210068572D /* Flashcard.swift in Sources */ = {isa = PBXBuildFile; fileRef = 72F6997A2AEA05210068572D /* Flashcard.swift */; };
		72F6997D2AEA05400068572D /* FlashcardData.swift in Sources */ = {isa = PBXBuildFile; fileRef = 72F6997C2AEA05400068572D /* FlashcardData.swift */; };
		72F6997F2AEA05590068572D /* FlashcardStack.swift in Sources */ = {isa = PBXBuildFile; fileRef = 72F6997E2AEA05590068572D /* FlashcardStack.swift */; };
		72F699812AEA058A0068572D /* FlashcardViewModel.swift in Sources */ = {isa = PBXBuildFile; fileRef = 72F699802AEA058A0068572D /* FlashcardViewModel.swift */; };
		72F699832AEA06010068572D /* ListView.swift in Sources */ = {isa = PBXBuildFile; fileRef = 72F699822AEA06010068572D /* ListView.swift */; };
		72F699852AEA06150068572D /* gpt 3.5.swift in Sources */ = {isa = PBXBuildFile; fileRef = 72F699842AEA06150068572D /* gpt 3.5.swift */; };
		72F699952AEC68AD0068572D /* ScanData.swift in Sources */ = {isa = PBXBuildFile; fileRef = 72F699942AEC68AD0068572D /* ScanData.swift */; };
		72F699992AEC68DB0068572D /* ScannerView.swift in Sources */ = {isa = PBXBuildFile; fileRef = 72F699982AEC68DB0068572D /* ScannerView.swift */; };
		72F6999B2AEC68F60068572D /* TextRecognizer.swift in Sources */ = {isa = PBXBuildFile; fileRef = 72F6999A2AEC68F60068572D /* TextRecognizer.swift */; };
		72F6999D2AEC6A6F0068572D /* ScannerContentView.swift in Sources */ = {isa = PBXBuildFile; fileRef = 72F6999C2AEC6A6F0068572D /* ScannerContentView.swift */; };
		72F699A12AEDBAF60068572D /* MakeFlashcardsView.swift in Sources */ = {isa = PBXBuildFile; fileRef = 72F699A02AEDBAF60068572D /* MakeFlashcardsView.swift */; };
		72F699A32AEDBBD20068572D /* REALContentView.swift in Sources */ = {isa = PBXBuildFile; fileRef = 72F699A22AEDBBD20068572D /* REALContentView.swift */; };
/* End PBXBuildFile section */

/* Begin PBXContainerItemProxy section */
		72F6995E2AE9FCB80068572D /* PBXContainerItemProxy */ = {
			isa = PBXContainerItemProxy;
			containerPortal = 72F699452AE9FCB30068572D /* Project object */;
			proxyType = 1;
			remoteGlobalIDString = 72F6994C2AE9FCB30068572D;
			remoteInfo = AssignMate_FlashcardVersion;
		};
		72F699682AE9FCB80068572D /* PBXContainerItemProxy */ = {
			isa = PBXContainerItemProxy;
			containerPortal = 72F699452AE9FCB30068572D /* Project object */;
			proxyType = 1;
			remoteGlobalIDString = 72F6994C2AE9FCB30068572D;
			remoteInfo = AssignMate_FlashcardVersion;
		};
/* End PBXContainerItemProxy section */

/* Begin PBXFileReference section */
		72F6994D2AE9FCB30068572D /* AssignMate_FlashcardVersion.app */ = {isa = PBXFileReference; explicitFileType = wrapper.application; includeInIndex = 0; path = AssignMate_FlashcardVersion.app; sourceTree = BUILT_PRODUCTS_DIR; };
		72F699502AE9FCB30068572D /* AssignMate_FlashcardVersionApp.swift */ = {isa = PBXFileReference; lastKnownFileType = sourcecode.swift; path = AssignMate_FlashcardVersionApp.swift; sourceTree = "<group>"; };
		72F699522AE9FCB30068572D /* ContentView.swift */ = {isa = PBXFileReference; lastKnownFileType = sourcecode.swift; path = ContentView.swift; sourceTree = "<group>"; };
		72F699542AE9FCB80068572D /* Assets.xcassets */ = {isa = PBXFileReference; lastKnownFileType = folder.assetcatalog; path = Assets.xcassets; sourceTree = "<group>"; };
		72F699572AE9FCB80068572D /* Preview Assets.xcassets */ = {isa = PBXFileReference; lastKnownFileType = folder.assetcatalog; path = "Preview Assets.xcassets"; sourceTree = "<group>"; };
		72F6995D2AE9FCB80068572D /* AssignMate_FlashcardVersionTests.xctest */ = {isa = PBXFileReference; explicitFileType = wrapper.cfbundle; includeInIndex = 0; path = AssignMate_FlashcardVersionTests.xctest; sourceTree = BUILT_PRODUCTS_DIR; };
		72F699612AE9FCB80068572D /* AssignMate_FlashcardVersionTests.swift */ = {isa = PBXFileReference; lastKnownFileType = sourcecode.swift; path = AssignMate_FlashcardVersionTests.swift; sourceTree = "<group>"; };
		72F699672AE9FCB80068572D /* AssignMate_FlashcardVersionUITests.xctest */ = {isa = PBXFileReference; explicitFileType = wrapper.cfbundle; includeInIndex = 0; path = AssignMate_FlashcardVersionUITests.xctest; sourceTree = BUILT_PRODUCTS_DIR; };
		72F6996B2AE9FCB80068572D /* AssignMate_FlashcardVersionUITests.swift */ = {isa = PBXFileReference; lastKnownFileType = sourcecode.swift; path = AssignMate_FlashcardVersionUITests.swift; sourceTree = "<group>"; };
		72F6996D2AE9FCB80068572D /* AssignMate_FlashcardVersionUITestsLaunchTests.swift */ = {isa = PBXFileReference; lastKnownFileType = sourcecode.swift; path = AssignMate_FlashcardVersionUITestsLaunchTests.swift; sourceTree = "<group>"; };
		72F6997A2AEA05210068572D /* Flashcard.swift */ = {isa = PBXFileReference; lastKnownFileType = sourcecode.swift; path = Flashcard.swift; sourceTree = "<group>"; };
		72F6997C2AEA05400068572D /* FlashcardData.swift */ = {isa = PBXFileReference; lastKnownFileType = sourcecode.swift; path = FlashcardData.swift; sourceTree = "<group>"; };
		72F6997E2AEA05590068572D /* FlashcardStack.swift */ = {isa = PBXFileReference; lastKnownFileType = sourcecode.swift; path = FlashcardStack.swift; sourceTree = "<group>"; };
		72F699802AEA058A0068572D /* FlashcardViewModel.swift */ = {isa = PBXFileReference; lastKnownFileType = sourcecode.swift; path = FlashcardViewModel.swift; sourceTree = "<group>"; };
		72F699822AEA06010068572D /* ListView.swift */ = {isa = PBXFileReference; lastKnownFileType = sourcecode.swift; path = ListView.swift; sourceTree = "<group>"; };
		72F699842AEA06150068572D /* gpt 3.5.swift */ = {isa = PBXFileReference; lastKnownFileType = sourcecode.swift; path = "gpt 3.5.swift"; sourceTree = "<group>"; };
		72F699942AEC68AD0068572D /* ScanData.swift */ = {isa = PBXFileReference; lastKnownFileType = sourcecode.swift; path = ScanData.swift; sourceTree = "<group>"; };
		72F699982AEC68DB0068572D /* ScannerView.swift */ = {isa = PBXFileReference; lastKnownFileType = sourcecode.swift; path = ScannerView.swift; sourceTree = "<group>"; };
		72F6999A2AEC68F60068572D /* TextRecognizer.swift */ = {isa = PBXFileReference; lastKnownFileType = sourcecode.swift; path = TextRecognizer.swift; sourceTree = "<group>"; };
		72F6999C2AEC6A6F0068572D /* ScannerContentView.swift */ = {isa = PBXFileReference; lastKnownFileType = sourcecode.swift; path = ScannerContentView.swift; sourceTree = "<group>"; };
		72F699A02AEDBAF60068572D /* MakeFlashcardsView.swift */ = {isa = PBXFileReference; lastKnownFileType = sourcecode.swift; path = MakeFlashcardsView.swift; sourceTree = "<group>"; };
		72F699A22AEDBBD20068572D /* REALContentView.swift */ = {isa = PBXFileReference; lastKnownFileType = sourcecode.swift; path = REALContentView.swift; sourceTree = "<group>"; };
/* End PBXFileReference section */

/* Begin PBXFrameworksBuildPhase section */
		72F6994A2AE9FCB30068572D /* Frameworks */ = {
			isa = PBXFrameworksBuildPhase;
			buildActionMask = 2147483647;
			files = (
			);
			runOnlyForDeploymentPostprocessing = 0;
		};
		72F6995A2AE9FCB80068572D /* Frameworks */ = {
			isa = PBXFrameworksBuildPhase;
			buildActionMask = 2147483647;
			files = (
			);
			runOnlyForDeploymentPostprocessing = 0;
		};
		72F699642AE9FCB80068572D /* Frameworks */ = {
			isa = PBXFrameworksBuildPhase;
			buildActionMask = 2147483647;
			files = (
			);
			runOnlyForDeploymentPostprocessing = 0;
		};
/* End PBXFrameworksBuildPhase section */

/* Begin PBXGroup section */
		72F699442AE9FCB30068572D = {
			isa = PBXGroup;
			children = (
				72F699912AEC685D0068572D /* Scan-OCR */,
				72F6994F2AE9FCB30068572D /* AssignMate_FlashcardVersion */,
				72F699602AE9FCB80068572D /* AssignMate_FlashcardVersionTests */,
				72F6996A2AE9FCB80068572D /* AssignMate_FlashcardVersionUITests */,
				72F6994E2AE9FCB30068572D /* Products */,
			);
			sourceTree = "<group>";
		};
		72F6994E2AE9FCB30068572D /* Products */ = {
			isa = PBXGroup;
			children = (
				72F6994D2AE9FCB30068572D /* AssignMate_FlashcardVersion.app */,
				72F6995D2AE9FCB80068572D /* AssignMate_FlashcardVersionTests.xctest */,
				72F699672AE9FCB80068572D /* AssignMate_FlashcardVersionUITests.xctest */,
			);
			name = Products;
			sourceTree = "<group>";
		};
		72F6994F2AE9FCB30068572D /* AssignMate_FlashcardVersion */ = {
			isa = PBXGroup;
			children = (
				72F699502AE9FCB30068572D /* AssignMate_FlashcardVersionApp.swift */,
				72F699A02AEDBAF60068572D /* MakeFlashcardsView.swift */,
				72F699822AEA06010068572D /* ListView.swift */,
				72F699842AEA06150068572D /* gpt 3.5.swift */,
				72F699522AE9FCB30068572D /* ContentView.swift */,
				72F699A22AEDBBD20068572D /* REALContentView.swift */,
				72F6997A2AEA05210068572D /* Flashcard.swift */,
				72F6997C2AEA05400068572D /* FlashcardData.swift */,
				72F6997E2AEA05590068572D /* FlashcardStack.swift */,
				72F699802AEA058A0068572D /* FlashcardViewModel.swift */,
				72F699542AE9FCB80068572D /* Assets.xcassets */,
				72F699562AE9FCB80068572D /* Preview Content */,
			);
			path = AssignMate_FlashcardVersion;
			sourceTree = "<group>";
		};
		72F699562AE9FCB80068572D /* Preview Content */ = {
			isa = PBXGroup;
			children = (
				72F699572AE9FCB80068572D /* Preview Assets.xcassets */,
			);
			path = "Preview Content";
			sourceTree = "<group>";
		};
		72F699602AE9FCB80068572D /* AssignMate_FlashcardVersionTests */ = {
			isa = PBXGroup;
			children = (
				72F699612AE9FCB80068572D /* AssignMate_FlashcardVersionTests.swift */,
			);
			path = AssignMate_FlashcardVersionTests;
			sourceTree = "<group>";
		};
		72F6996A2AE9FCB80068572D /* AssignMate_FlashcardVersionUITests */ = {
			isa = PBXGroup;
			children = (
				72F6996B2AE9FCB80068572D /* AssignMate_FlashcardVersionUITests.swift */,
				72F6996D2AE9FCB80068572D /* AssignMate_FlashcardVersionUITestsLaunchTests.swift */,
			);
			path = AssignMate_FlashcardVersionUITests;
			sourceTree = "<group>";
		};
		72F699912AEC685D0068572D /* Scan-OCR */ = {
			isa = PBXGroup;
			children = (
				72F699942AEC68AD0068572D /* ScanData.swift */,
				72F699982AEC68DB0068572D /* ScannerView.swift */,
				72F6999A2AEC68F60068572D /* TextRecognizer.swift */,
				72F6999C2AEC6A6F0068572D /* ScannerContentView.swift */,
			);
			path = "Scan-OCR";
			sourceTree = "<group>";
		};
/* End PBXGroup section */

/* Begin PBXNativeTarget section */
		72F6994C2AE9FCB30068572D /* AssignMate_FlashcardVersion */ = {
			isa = PBXNativeTarget;
			buildConfigurationList = 72F699712AE9FCB80068572D /* Build configuration list for PBXNativeTarget "AssignMate_FlashcardVersion" */;
			buildPhases = (
				72F699492AE9FCB30068572D /* Sources */,
				72F6994A2AE9FCB30068572D /* Frameworks */,
				72F6994B2AE9FCB30068572D /* Resources */,
			);
			buildRules = (
			);
			dependencies = (
			);
			name = AssignMate_FlashcardVersion;
			productName = AssignMate_FlashcardVersion;
			productReference = 72F6994D2AE9FCB30068572D /* AssignMate_FlashcardVersion.app */;
			productType = "com.apple.product-type.application";
		};
		72F6995C2AE9FCB80068572D /* AssignMate_FlashcardVersionTests */ = {
			isa = PBXNativeTarget;
			buildConfigurationList = 72F699742AE9FCB80068572D /* Build configuration list for PBXNativeTarget "AssignMate_FlashcardVersionTests" */;
			buildPhases = (
				72F699592AE9FCB80068572D /* Sources */,
				72F6995A2AE9FCB80068572D /* Frameworks */,
				72F6995B2AE9FCB80068572D /* Resources */,
			);
			buildRules = (
			);
			dependencies = (
				72F6995F2AE9FCB80068572D /* PBXTargetDependency */,
			);
			name = AssignMate_FlashcardVersionTests;
			productName = AssignMate_FlashcardVersionTests;
			productReference = 72F6995D2AE9FCB80068572D /* AssignMate_FlashcardVersionTests.xctest */;
			productType = "com.apple.product-type.bundle.unit-test";
		};
		72F699662AE9FCB80068572D /* AssignMate_FlashcardVersionUITests */ = {
			isa = PBXNativeTarget;
			buildConfigurationList = 72F699772AE9FCB80068572D /* Build configuration list for PBXNativeTarget "AssignMate_FlashcardVersionUITests" */;
			buildPhases = (
				72F699632AE9FCB80068572D /* Sources */,
				72F699642AE9FCB80068572D /* Frameworks */,
				72F699652AE9FCB80068572D /* Resources */,
			);
			buildRules = (
			);
			dependencies = (
				72F699692AE9FCB80068572D /* PBXTargetDependency */,
			);
			name = AssignMate_FlashcardVersionUITests;
			productName = AssignMate_FlashcardVersionUITests;
			productReference = 72F699672AE9FCB80068572D /* AssignMate_FlashcardVersionUITests.xctest */;
			productType = "com.apple.product-type.bundle.ui-testing";
		};
/* End PBXNativeTarget section */

/* Begin PBXProject section */
		72F699452AE9FCB30068572D /* Project object */ = {
			isa = PBXProject;
			attributes = {
				BuildIndependentTargetsInParallel = 1;
				LastSwiftUpdateCheck = 1320;
				LastUpgradeCheck = 1320;
				TargetAttributes = {
					72F6994C2AE9FCB30068572D = {
						CreatedOnToolsVersion = 13.2.1;
					};
					72F6995C2AE9FCB80068572D = {
						CreatedOnToolsVersion = 13.2.1;
						TestTargetID = 72F6994C2AE9FCB30068572D;
					};
					72F699662AE9FCB80068572D = {
						CreatedOnToolsVersion = 13.2.1;
						TestTargetID = 72F6994C2AE9FCB30068572D;
					};
				};
			};
			buildConfigurationList = 72F699482AE9FCB30068572D /* Build configuration list for PBXProject "AssignMate_FlashcardVersion" */;
			compatibilityVersion = "Xcode 13.0";
			developmentRegion = en;
			hasScannedForEncodings = 0;
			knownRegions = (
				en,
				Base,
			);
			mainGroup = 72F699442AE9FCB30068572D;
			productRefGroup = 72F6994E2AE9FCB30068572D /* Products */;
			projectDirPath = "";
			projectRoot = "";
			targets = (
				72F6994C2AE9FCB30068572D /* AssignMate_FlashcardVersion */,
				72F6995C2AE9FCB80068572D /* AssignMate_FlashcardVersionTests */,
				72F699662AE9FCB80068572D /* AssignMate_FlashcardVersionUITests */,
			);
		};
/* End PBXProject section */

/* Begin PBXResourcesBuildPhase section */
		72F6994B2AE9FCB30068572D /* Resources */ = {
			isa = PBXResourcesBuildPhase;
			buildActionMask = 2147483647;
			files = (
				72F699582AE9FCB80068572D /* Preview Assets.xcassets in Resources */,
				72F699552AE9FCB80068572D /* Assets.xcassets in Resources */,
			);
			runOnlyForDeploymentPostprocessing = 0;
		};
		72F6995B2AE9FCB80068572D /* Resources */ = {
			isa = PBXResourcesBuildPhase;
			buildActionMask = 2147483647;
			files = (
			);
			runOnlyForDeploymentPostprocessing = 0;
		};
		72F699652AE9FCB80068572D /* Resources */ = {
			isa = PBXResourcesBuildPhase;
			buildActionMask = 2147483647;
			files = (
			);
			runOnlyForDeploymentPostprocessing = 0;
		};
/* End PBXResourcesBuildPhase section */

/* Begin PBXSourcesBuildPhase section */
		72F699492AE9FCB30068572D /* Sources */ = {
			isa = PBXSourcesBuildPhase;
			buildActionMask = 2147483647;
			files = (
				72F6997D2AEA05400068572D /* FlashcardData.swift in Sources */,
				72F699A12AEDBAF60068572D /* MakeFlashcardsView.swift in Sources */,
				72F699852AEA06150068572D /* gpt 3.5.swift in Sources */,
				72F6997B2AEA05210068572D /* Flashcard.swift in Sources */,
				72F6999D2AEC6A6F0068572D /* ScannerContentView.swift in Sources */,
				72F6999B2AEC68F60068572D /* TextRecognizer.swift in Sources */,
				72F6997F2AEA05590068572D /* FlashcardStack.swift in Sources */,
				72F699952AEC68AD0068572D /* ScanData.swift in Sources */,
				72F699832AEA06010068572D /* ListView.swift in Sources */,
				72F699812AEA058A0068572D /* FlashcardViewModel.swift in Sources */,
				72F699992AEC68DB0068572D /* ScannerView.swift in Sources */,
				72F699532AE9FCB30068572D /* ContentView.swift in Sources */,
				72F699A32AEDBBD20068572D /* REALContentView.swift in Sources */,
				72F699512AE9FCB30068572D /* AssignMate_FlashcardVersionApp.swift in Sources */,
			);
			runOnlyForDeploymentPostprocessing = 0;
		};
		72F699592AE9FCB80068572D /* Sources */ = {
			isa = PBXSourcesBuildPhase;
			buildActionMask = 2147483647;
			files = (
				72F699622AE9FCB80068572D /* AssignMate_FlashcardVersionTests.swift in Sources */,
			);
			runOnlyForDeploymentPostprocessing = 0;
		};
		72F699632AE9FCB80068572D /* Sources */ = {
			isa = PBXSourcesBuildPhase;
			buildActionMask = 2147483647;
			files = (
				72F6996E2AE9FCB80068572D /* AssignMate_FlashcardVersionUITestsLaunchTests.swift in Sources */,
				72F6996C2AE9FCB80068572D /* AssignMate_FlashcardVersionUITests.swift in Sources */,
			);
			runOnlyForDeploymentPostprocessing = 0;
		};
/* End PBXSourcesBuildPhase section */

/* Begin PBXTargetDependency section */
		72F6995F2AE9FCB80068572D /* PBXTargetDependency */ = {
			isa = PBXTargetDependency;
			target = 72F6994C2AE9FCB30068572D /* AssignMate_FlashcardVersion */;
			targetProxy = 72F6995E2AE9FCB80068572D /* PBXContainerItemProxy */;
		};
		72F699692AE9FCB80068572D /* PBXTargetDependency */ = {
			isa = PBXTargetDependency;
			target = 72F6994C2AE9FCB30068572D /* AssignMate_FlashcardVersion */;
			targetProxy = 72F699682AE9FCB80068572D /* PBXContainerItemProxy */;
		};
/* End PBXTargetDependency section */

/* Begin XCBuildConfiguration section */
		72F6996F2AE9FCB80068572D /* Debug */ = {
			isa = XCBuildConfiguration;
			buildSettings = {
				ALWAYS_SEARCH_USER_PATHS = NO;
				CLANG_ANALYZER_NONNULL = YES;
				CLANG_ANALYZER_NUMBER_OBJECT_CONVERSION = YES_AGGRESSIVE;
				CLANG_CXX_LANGUAGE_STANDARD = "gnu++17";
				CLANG_CXX_LIBRARY = "libc++";
				CLANG_ENABLE_MODULES = YES;
				CLANG_ENABLE_OBJC_ARC = YES;
				CLANG_ENABLE_OBJC_WEAK = YES;
				CLANG_WARN_BLOCK_CAPTURE_AUTORELEASING = YES;
				CLANG_WARN_BOOL_CONVERSION = YES;
				CLANG_WARN_COMMA = YES;
				CLANG_WARN_CONSTANT_CONVERSION = YES;
				CLANG_WARN_DEPRECATED_OBJC_IMPLEMENTATIONS = YES;
				CLANG_WARN_DIRECT_OBJC_ISA_USAGE = YES_ERROR;
				CLANG_WARN_DOCUMENTATION_COMMENTS = YES;
				CLANG_WARN_EMPTY_BODY = YES;
				CLANG_WARN_ENUM_CONVERSION = YES;
				CLANG_WARN_INFINITE_RECURSION = YES;
				CLANG_WARN_INT_CONVERSION = YES;
				CLANG_WARN_NON_LITERAL_NULL_CONVERSION = YES;
				CLANG_WARN_OBJC_IMPLICIT_RETAIN_SELF = YES;
				CLANG_WARN_OBJC_LITERAL_CONVERSION = YES;
				CLANG_WARN_OBJC_ROOT_CLASS = YES_ERROR;
				CLANG_WARN_QUOTED_INCLUDE_IN_FRAMEWORK_HEADER = YES;
				CLANG_WARN_RANGE_LOOP_ANALYSIS = YES;
				CLANG_WARN_STRICT_PROTOTYPES = YES;
				CLANG_WARN_SUSPICIOUS_MOVE = YES;
				CLANG_WARN_UNGUARDED_AVAILABILITY = YES_AGGRESSIVE;
				CLANG_WARN_UNREACHABLE_CODE = YES;
				CLANG_WARN__DUPLICATE_METHOD_MATCH = YES;
				COPY_PHASE_STRIP = NO;
				DEBUG_INFORMATION_FORMAT = dwarf;
				ENABLE_STRICT_OBJC_MSGSEND = YES;
				ENABLE_TESTABILITY = YES;
				GCC_C_LANGUAGE_STANDARD = gnu11;
				GCC_DYNAMIC_NO_PIC = NO;
				GCC_NO_COMMON_BLOCKS = YES;
				GCC_OPTIMIZATION_LEVEL = 0;
				GCC_PREPROCESSOR_DEFINITIONS = (
					"DEBUG=1",
					"$(inherited)",
				);
				GCC_WARN_64_TO_32_BIT_CONVERSION = YES;
				GCC_WARN_ABOUT_RETURN_TYPE = YES_ERROR;
				GCC_WARN_UNDECLARED_SELECTOR = YES;
				GCC_WARN_UNINITIALIZED_AUTOS = YES_AGGRESSIVE;
				GCC_WARN_UNUSED_FUNCTION = YES;
				GCC_WARN_UNUSED_VARIABLE = YES;
				IPHONEOS_DEPLOYMENT_TARGET = 15.2;
				MTL_ENABLE_DEBUG_INFO = INCLUDE_SOURCE;
				MTL_FAST_MATH = YES;
				ONLY_ACTIVE_ARCH = YES;
				SDKROOT = iphoneos;
				SWIFT_ACTIVE_COMPILATION_CONDITIONS = DEBUG;
				SWIFT_OPTIMIZATION_LEVEL = "-Onone";
			};
			name = Debug;
		};
		72F699702AE9FCB80068572D /* Release */ = {
			isa = XCBuildConfiguration;
			buildSettings = {
				ALWAYS_SEARCH_USER_PATHS = NO;
				CLANG_ANALYZER_NONNULL = YES;
				CLANG_ANALYZER_NUMBER_OBJECT_CONVERSION = YES_AGGRESSIVE;
				CLANG_CXX_LANGUAGE_STANDARD = "gnu++17";
				CLANG_CXX_LIBRARY = "libc++";
				CLANG_ENABLE_MODULES = YES;
				CLANG_ENABLE_OBJC_ARC = YES;
				CLANG_ENABLE_OBJC_WEAK = YES;
				CLANG_WARN_BLOCK_CAPTURE_AUTORELEASING = YES;
				CLANG_WARN_BOOL_CONVERSION = YES;
				CLANG_WARN_COMMA = YES;
				CLANG_WARN_CONSTANT_CONVERSION = YES;
				CLANG_WARN_DEPRECATED_OBJC_IMPLEMENTATIONS = YES;
				CLANG_WARN_DIRECT_OBJC_ISA_USAGE = YES_ERROR;
				CLANG_WARN_DOCUMENTATION_COMMENTS = YES;
				CLANG_WARN_EMPTY_BODY = YES;
				CLANG_WARN_ENUM_CONVERSION = YES;
				CLANG_WARN_INFINITE_RECURSION = YES;
				CLANG_WARN_INT_CONVERSION = YES;
				CLANG_WARN_NON_LITERAL_NULL_CONVERSION = YES;
				CLANG_WARN_OBJC_IMPLICIT_RETAIN_SELF = YES;
				CLANG_WARN_OBJC_LITERAL_CONVERSION = YES;
				CLANG_WARN_OBJC_ROOT_CLASS = YES_ERROR;
				CLANG_WARN_QUOTED_INCLUDE_IN_FRAMEWORK_HEADER = YES;
				CLANG_WARN_RANGE_LOOP_ANALYSIS = YES;
				CLANG_WARN_STRICT_PROTOTYPES = YES;
				CLANG_WARN_SUSPICIOUS_MOVE = YES;
				CLANG_WARN_UNGUARDED_AVAILABILITY = YES_AGGRESSIVE;
				CLANG_WARN_UNREACHABLE_CODE = YES;
				CLANG_WARN__DUPLICATE_METHOD_MATCH = YES;
				COPY_PHASE_STRIP = NO;
				DEBUG_INFORMATION_FORMAT = "dwarf-with-dsym";
				ENABLE_NS_ASSERTIONS = NO;
				ENABLE_STRICT_OBJC_MSGSEND = YES;
				GCC_C_LANGUAGE_STANDARD = gnu11;
				GCC_NO_COMMON_BLOCKS = YES;
				GCC_WARN_64_TO_32_BIT_CONVERSION = YES;
				GCC_WARN_ABOUT_RETURN_TYPE = YES_ERROR;
				GCC_WARN_UNDECLARED_SELECTOR = YES;
				GCC_WARN_UNINITIALIZED_AUTOS = YES_AGGRESSIVE;
				GCC_WARN_UNUSED_FUNCTION = YES;
				GCC_WARN_UNUSED_VARIABLE = YES;
				IPHONEOS_DEPLOYMENT_TARGET = 15.2;
				MTL_ENABLE_DEBUG_INFO = NO;
				MTL_FAST_MATH = YES;
				SDKROOT = iphoneos;
				SWIFT_COMPILATION_MODE = wholemodule;
				SWIFT_OPTIMIZATION_LEVEL = "-O";
				VALIDATE_PRODUCT = YES;
			};
			name = Release;
		};
		72F699722AE9FCB80068572D /* Debug */ = {
			isa = XCBuildConfiguration;
			buildSettings = {
				ASSETCATALOG_COMPILER_APPICON_NAME = AppIcon;
				ASSETCATALOG_COMPILER_GLOBAL_ACCENT_COLOR_NAME = AccentColor;
				CODE_SIGN_STYLE = Automatic;
				CURRENT_PROJECT_VERSION = 1;
				DEVELOPMENT_ASSET_PATHS = "\"AssignMate_FlashcardVersion/Preview Content\"";
				DEVELOPMENT_TEAM = G35H72FWR9;
				ENABLE_PREVIEWS = YES;
				GENERATE_INFOPLIST_FILE = YES;
				INFOPLIST_KEY_NSCameraUsageDescription = "$(PRODUCT_NAME) requires permission to scan files";
				INFOPLIST_KEY_UIApplicationSceneManifest_Generation = YES;
				INFOPLIST_KEY_UIApplicationSupportsIndirectInputEvents = YES;
				INFOPLIST_KEY_UILaunchScreen_Generation = YES;
				INFOPLIST_KEY_UISupportedInterfaceOrientations_iPad = "UIInterfaceOrientationPortrait UIInterfaceOrientationPortraitUpsideDown UIInterfaceOrientationLandscapeLeft UIInterfaceOrientationLandscapeRight";
				INFOPLIST_KEY_UISupportedInterfaceOrientations_iPhone = "UIInterfaceOrientationPortrait UIInterfaceOrientationLandscapeLeft UIInterfaceOrientationLandscapeRight";
				LD_RUNPATH_SEARCH_PATHS = (
					"$(inherited)",
					"@executable_path/Frameworks",
				);
				MARKETING_VERSION = 1.0;
				PRODUCT_BUNDLE_IDENTIFIER = "Congressional-App-Challenge.AssignMate-FlashcardVersion";
				PRODUCT_NAME = "$(TARGET_NAME)";
				SWIFT_EMIT_LOC_STRINGS = YES;
				SWIFT_VERSION = 5.0;
				TARGETED_DEVICE_FAMILY = "1,2";
			};
			name = Debug;
		};
		72F699732AE9FCB80068572D /* Release */ = {
			isa = XCBuildConfiguration;
			buildSettings = {
				ASSETCATALOG_COMPILER_APPICON_NAME = AppIcon;
				ASSETCATALOG_COMPILER_GLOBAL_ACCENT_COLOR_NAME = AccentColor;
				CODE_SIGN_STYLE = Automatic;
				CURRENT_PROJECT_VERSION = 1;
				DEVELOPMENT_ASSET_PATHS = "\"AssignMate_FlashcardVersion/Preview Content\"";
				DEVELOPMENT_TEAM = G35H72FWR9;
				ENABLE_PREVIEWS = YES;
				GENERATE_INFOPLIST_FILE = YES;
				INFOPLIST_KEY_NSCameraUsageDescription = "$(PRODUCT_NAME) requires permission to scan files";
				INFOPLIST_KEY_UIApplicationSceneManifest_Generation = YES;
				INFOPLIST_KEY_UIApplicationSupportsIndirectInputEvents = YES;
				INFOPLIST_KEY_UILaunchScreen_Generation = YES;
				INFOPLIST_KEY_UISupportedInterfaceOrientations_iPad = "UIInterfaceOrientationPortrait UIInterfaceOrientationPortraitUpsideDown UIInterfaceOrientationLandscapeLeft UIInterfaceOrientationLandscapeRight";
				INFOPLIST_KEY_UISupportedInterfaceOrientations_iPhone = "UIInterfaceOrientationPortrait UIInterfaceOrientationLandscapeLeft UIInterfaceOrientationLandscapeRight";
				LD_RUNPATH_SEARCH_PATHS = (
					"$(inherited)",
					"@executable_path/Frameworks",
				);
				MARKETING_VERSION = 1.0;
				PRODUCT_BUNDLE_IDENTIFIER = "Congressional-App-Challenge.AssignMate-FlashcardVersion";
				PRODUCT_NAME = "$(TARGET_NAME)";
				SWIFT_EMIT_LOC_STRINGS = YES;
				SWIFT_VERSION = 5.0;
				TARGETED_DEVICE_FAMILY = "1,2";
			};
			name = Release;
		};
		72F699752AE9FCB80068572D /* Debug */ = {
			isa = XCBuildConfiguration;
			buildSettings = {
				ALWAYS_EMBED_SWIFT_STANDARD_LIBRARIES = YES;
				BUNDLE_LOADER = "$(TEST_HOST)";
				CODE_SIGN_STYLE = Automatic;
				CURRENT_PROJECT_VERSION = 1;
				DEVELOPMENT_TEAM = G35H72FWR9;
				GENERATE_INFOPLIST_FILE = YES;
				IPHONEOS_DEPLOYMENT_TARGET = 15.2;
				MARKETING_VERSION = 1.0;
				PRODUCT_BUNDLE_IDENTIFIER = "Congressional-App-Challenge.AssignMate-FlashcardVersionTests";
				PRODUCT_NAME = "$(TARGET_NAME)";
				SWIFT_EMIT_LOC_STRINGS = NO;
				SWIFT_VERSION = 5.0;
				TARGETED_DEVICE_FAMILY = "1,2";
				TEST_HOST = "$(BUILT_PRODUCTS_DIR)/AssignMate_FlashcardVersion.app/AssignMate_FlashcardVersion";
			};
			name = Debug;
		};
		72F699762AE9FCB80068572D /* Release */ = {
			isa = XCBuildConfiguration;
			buildSettings = {
				ALWAYS_EMBED_SWIFT_STANDARD_LIBRARIES = YES;
				BUNDLE_LOADER = "$(TEST_HOST)";
				CODE_SIGN_STYLE = Automatic;
				CURRENT_PROJECT_VERSION = 1;
				DEVELOPMENT_TEAM = G35H72FWR9;
				GENERATE_INFOPLIST_FILE = YES;
				IPHONEOS_DEPLOYMENT_TARGET = 15.2;
				MARKETING_VERSION = 1.0;
				PRODUCT_BUNDLE_IDENTIFIER = "Congressional-App-Challenge.AssignMate-FlashcardVersionTests";
				PRODUCT_NAME = "$(TARGET_NAME)";
				SWIFT_EMIT_LOC_STRINGS = NO;
				SWIFT_VERSION = 5.0;
				TARGETED_DEVICE_FAMILY = "1,2";
				TEST_HOST = "$(BUILT_PRODUCTS_DIR)/AssignMate_FlashcardVersion.app/AssignMate_FlashcardVersion";
			};
			name = Release;
		};
		72F699782AE9FCB80068572D /* Debug */ = {
			isa = XCBuildConfiguration;
			buildSettings = {
				ALWAYS_EMBED_SWIFT_STANDARD_LIBRARIES = YES;
				CODE_SIGN_STYLE = Automatic;
				CURRENT_PROJECT_VERSION = 1;
				DEVELOPMENT_TEAM = G35H72FWR9;
				GENERATE_INFOPLIST_FILE = YES;
				MARKETING_VERSION = 1.0;
				PRODUCT_BUNDLE_IDENTIFIER = "Congressional-App-Challenge.AssignMate-FlashcardVersionUITests";
				PRODUCT_NAME = "$(TARGET_NAME)";
				SWIFT_EMIT_LOC_STRINGS = NO;
				SWIFT_VERSION = 5.0;
				TARGETED_DEVICE_FAMILY = "1,2";
				TEST_TARGET_NAME = AssignMate_FlashcardVersion;
			};
			name = Debug;
		};
		72F699792AE9FCB80068572D /* Release */ = {
			isa = XCBuildConfiguration;
			buildSettings = {
				ALWAYS_EMBED_SWIFT_STANDARD_LIBRARIES = YES;
				CODE_SIGN_STYLE = Automatic;
				CURRENT_PROJECT_VERSION = 1;
				DEVELOPMENT_TEAM = G35H72FWR9;
				GENERATE_INFOPLIST_FILE = YES;
				MARKETING_VERSION = 1.0;
				PRODUCT_BUNDLE_IDENTIFIER = "Congressional-App-Challenge.AssignMate-FlashcardVersionUITests";
				PRODUCT_NAME = "$(TARGET_NAME)";
				SWIFT_EMIT_LOC_STRINGS = NO;
				SWIFT_VERSION = 5.0;
				TARGETED_DEVICE_FAMILY = "1,2";
				TEST_TARGET_NAME = AssignMate_FlashcardVersion;
			};
			name = Release;
		};
/* End XCBuildConfiguration section */

/* Begin XCConfigurationList section */
		72F699482AE9FCB30068572D /* Build configuration list for PBXProject "AssignMate_FlashcardVersion" */ = {
			isa = XCConfigurationList;
			buildConfigurations = (
				72F6996F2AE9FCB80068572D /* Debug */,
				72F699702AE9FCB80068572D /* Release */,
			);
			defaultConfigurationIsVisible = 0;
			defaultConfigurationName = Release;
		};
		72F699712AE9FCB80068572D /* Build configuration list for PBXNativeTarget "AssignMate_FlashcardVersion" */ = {
			isa = XCConfigurationList;
			buildConfigurations = (
				72F699722AE9FCB80068572D /* Debug */,
				72F699732AE9FCB80068572D /* Release */,
			);
			defaultConfigurationIsVisible = 0;
			defaultConfigurationName = Release;
		};
		72F699742AE9FCB80068572D /* Build configuration list for PBXNativeTarget "AssignMate_FlashcardVersionTests" */ = {
			isa = XCConfigurationList;
			buildConfigurations = (
				72F699752AE9FCB80068572D /* Debug */,
				72F699762AE9FCB80068572D /* Release */,
			);
			defaultConfigurationIsVisible = 0;
			defaultConfigurationName = Release;
		};
		72F699772AE9FCB80068572D /* Build configuration list for PBXNativeTarget "AssignMate_FlashcardVersionUITests" */ = {
			isa = XCConfigurationList;
			buildConfigurations = (
				72F699782AE9FCB80068572D /* Debug */,
				72F699792AE9FCB80068572D /* Release */,
			);
			defaultConfigurationIsVisible = 0;
			defaultConfigurationName = Release;
		};
/* End XCConfigurationList section */
	};
	rootObject = 72F699452AE9FCB30068572D /* Project object */;
}
